{"_meta":{"file-type":"spack-lockfile","lockfile-version":6,"specfile-version":5},"spack":{"version":"1.1.0","type":"git","commit":"0c2be44e4ece21eb091ad5de4c97716b7c6d4c87"},"roots":[{"hash":"f22jvhzrhju6txkumv74hj6cxsihpihv","spec":"lammps~kspace+mpi"},{"hash":"x4wwkzbcjcihabxqil7lngy63vewdeij","spec":"python@3.12"}],"concrete_specs":{"f22jvhzrhju6txkumv74hj6cxsihpihv":{"name":"lammps","version":"20250722","arch":{"platform":"linux","platform_os":"ubuntu24.04","target":"x86_64_v4"},"namespace":"builtin","parameters":{"adios":false,"amoeba":false,"asphere":false,"atc":false,"awpmd":false,"bocs":false,"body":false,"bpm":false,"brownian":false,"build_system":"cmake","build_type":"Release","cg-dna":false,"cg-spica":false,"class2":false,"colloid":false,"colvars":false,"compress":false,"coreshell":false,"cuda":false,"cuda_mps":false,"curl":false,"dev_path":"/home/izzet/projects/dftracer-workloads/lammps/lammps","dielectric":false,"diffraction":false,"dipole":false,"dpd-basic":false,"dpd-meso":false,"dpd-react":false,"dpd-smooth":false,"drude":false,"eff":false,"electrode":false,"extra-command":false,"extra-compute":false,"extra-dump":false,"extra-fix":false,"extra-molecule":false,"extra-pair":false,"fep":false,"ffmpeg":false,"generator":"make","gpu_precision":"mixed","granular":false,"h5md":false,"intel":false,"interlayer":false,"ipo":false,"jpeg":false,"kim":false,"kokkos":false,"kspace":false,"lammps_sizes":"smallbig","latboltz":false,"lepton":false,"lib":true,"machdyn":false,"manifold":false,"manybody":true,"mc":false,"mdi":false,"meam":false,"mesont":false,"mgpt":false,"misc":false,"ml-hdnnp":false,"ml-iap":false,"ml-pace":false,"ml-pod":false,"ml-rann":false,"ml-snap":false,"ml-uf3":false,"mofff":false,"molecule":true,"molfile":false,"mpi":true,"netcdf":false,"opencl":false,"openmp":true,"openmp-package":false,"opt":false,"orient":false,"peri":false,"phonon":false,"plugin":false,"plumed":false,"png":false,"poems":false,"ptm":false,"python":false,"qeq":false,"qtb":false,"reaction":false,"reaxff":false,"replica":false,"rheo":false,"rigid":true,"rocm":false,"scafacos":false,"shock":false,"smtbq":false,"sph":false,"spin":false,"srd":false,"tally":false,"tools":false,"uef":false,"voronoi":false,"vtk":false,"yaff":false,"cflags":[],"cppflags":[],"cxxflags":[],"fflags":[],"ldflags":[],"ldlibs":[]},"package_hash":"ts4bx4slquphbogtknfjoceq4ubqdktcp4jzblly2nqeamrazmoq====","dependencies":[{"name":"cmake","hash":"mtwflxnk5go54w4de2mr75iarojivk63","parameters":{"deptypes":["build"],"virtuals":[]}},{"name":"compiler-wrapper","hash":"e7yctbqvme4oad2xnt5gynonq5omksj3","parameters":{"deptypes":["build"],"virtuals":[]}},{"name":"gcc","hash":"uwfdr2q5yjm74qe7rxeukihjupvhft6q","parameters":{"deptypes":["build"],"virtuals":["c","cxx"]}},{"name":"gcc-runtime","hash":"pdbi3kjcjul2wjuqkkv5p56xooytyjcg","parameters":{"deptypes":["link"],"virtuals":[]}},{"name":"glibc","hash":"4bfivdkeg4jj64esmnemhojxf5wlw2km","parameters":{"deptypes":["link"],"virtuals":["libc"]}},{"name":"gmake","hash":"yyqdpvhua5hgt5b6kquxhovqwyyxhakb","parameters":{"deptypes":["build"],"virtuals":[]}},{"name":"openmpi","hash":"zbqzxytn7ap7bdrhvity33x3bstsufs3","parameters":{"deptypes":["build","link"],"virtuals":["mpi"]}}],"annotations":{"original_specfile_version":5},"hash":"f22jvhzrhju6txkumv74hj6cxsihpihv"},"mtwflxnk5go54w4de2mr75iarojivk63":{"name":"cmake","version":"3.28.3","arch":{"platform":"linux","platform_os":"ubuntu24.04","target":"x86_64"},"namespace":"builtin","parameters":{"build_system":"generic","build_type":"Release","doc":false,"ncurses":true,"ownlibs":true,"qtgui":false,"cflags":[],"cppflags":[],"cxxflags":[],"fflags":[],"ldflags":[],"ldlibs":[]},"external":{"path":"/usr","module":null,"extra_attributes":{}},"package_hash":"e2wxmid5vl22mqaugrojfapea73j7nmjoqooac4lt5ezzvqhp2oa====","annotations":{"original_specfile_version":5},"hash":"mtwflxnk5go54w4de2mr75iarojivk63"},"e7yctbqvme4oad2xnt5gynonq5omksj3":{"name":"compiler-wrapper","version":"1.0","arch":{"platform":"linux","platform_os":"ubuntu24.04","target":"x86_64_v4"},"namespace":"builtin","parameters":{"build_system":"generic","cflags":[],"cppflags":[],"cxxflags":[],"fflags":[],"ldflags":[],"ldlibs":[]},"package_hash":"brmd47iexcajusyydhjj4hkqcorobvc6swc7g6px6hryjo3jjm4q====","annotations":{"original_specfile_version":5},"hash":"e7yctbqvme4oad2xnt5gynonq5omksj3"},"uwfdr2q5yjm74qe7rxeukihjupvhft6q":{"name":"gcc","version":"13.3.0","arch":{"platform":"linux","platform_os":"ubuntu24.04","target":"x86_64"},"namespace":"builtin","parameters":{"binutils":false,"bootstrap":true,"build_system":"autotools","build_type":"RelWithDebInfo","graphite":false,"languages":["c","c++","fortran"],"mold":false,"nvptx":false,"piclibs":false,"profiled":false,"strip":false,"cflags":[],"cppflags":[],"cxxflags":[],"fflags":[],"ldflags":[],"ldlibs":[]},"external":{"path":"/usr","module":null,"extra_attributes":{"compilers":{"c":"/usr/bin/gcc","cxx":"/usr/bin/g++","fortran":"/usr/bin/gfortran"}}},"package_hash":"4vadbbf6hja5j5q7jphqye7bcfu5b27vik5bqp3biawr2i6oireq====","annotations":{"original_specfile_version":5},"hash":"uwfdr2q5yjm74qe7rxeukihjupvhft6q"},"pdbi3kjcjul2wjuqkkv5p56xooytyjcg":{"name":"gcc-runtime","version":"13.3.0","arch":{"platform":"linux","platform_os":"ubuntu24.04","target":"x86_64_v4"},"namespace":"builtin","parameters":{"build_system":"generic","cflags":[],"cppflags":[],"cxxflags":[],"fflags":[],"ldflags":[],"ldlibs":[]},"package_hash":"q2rk2ibjyixyovjks3huspa2gqfkl7b2q2l4efx54262chl3icjq====","dependencies":[{"name":"gcc","hash":"uwfdr2q5yjm74qe7rxeukihjupvhft6q","parameters":{"deptypes":["build"],"virtuals":[]}},{"name":"glibc","hash":"4bfivdkeg4jj64esmnemhojxf5wlw2km","parameters":{"deptypes":["link"],"virtuals":["libc"]}}],"annotations":{"original_specfile_version":5},"hash":"pdbi3kjcjul2wjuqkkv5p56xooytyjcg"},"4bfivdkeg4jj64esmnemhojxf5wlw2km":{"name":"glibc","version":"2.39","arch":{"platform":"linux","platform_os":"ubuntu24.04","target":"x86_64"},"namespace":"builtin","parameters":{"build_system":"autotools","cflags":[],"cppflags":[],"cxxflags":[],"fflags":[],"ldflags":[],"ldlibs":[]},"external":{"path":"/usr","module":null,"extra_attributes":{}},"package_hash":"uykmboa2sw2jkcgvgh6ywrvd7l2m6puhzhzdljklfme6w6agh6ia====","annotations":{"original_specfile_version":5},"hash":"4bfivdkeg4jj64esmnemhojxf5wlw2km"},"yyqdpvhua5hgt5b6kquxhovqwyyxhakb":{"name":"gmake","version":"4.3","arch":{"platform":"linux","platform_os":"ubuntu24.04","target":"x86_64"},"namespace":"builtin","parameters":{"build_system":"generic","guile":false,"cflags":[],"cppflags":[],"cxxflags":[],"fflags":[],"ldflags":[],"ldlibs":[]},"external":{"path":"/usr","module":null,"extra_attributes":{}},"package_hash":"rmosdaktu3dg4p7p2dkli2z35jevi6sa72yalqgepm4na6rva3xq====","annotations":{"original_specfile_version":5},"hash":"yyqdpvhua5hgt5b6kquxhovqwyyxhakb"},"zbqzxytn7ap7bdrhvity33x3bstsufs3":{"name":"openmpi","version":"4.1.6","arch":{"platform":"linux","platform_os":"ubuntu24.04","target":"x86_64"},"namespace":"builtin","parameters":{"atomics":true,"build_system":"autotools","cuda":false,"cxx":true,"cxx_exceptions":false,"debug":false,"fabrics":["none"],"fortran":true,"gpfs":false,"internal-hwloc":false,"internal-libevent":false,"internal-pmix":false,"ipv6":false,"java":false,"lustre":false,"memchecker":false,"openshmem":false,"orterunprefix":false,"rocm":false,"romio":true,"romio-filesystem":["none"],"rsh":true,"schedulers":["none"],"static":false,"two_level_namespace":false,"vt":true,"wrapper-rpath":true,"cflags":[],"cppflags":[],"cxxflags":[],"fflags":[],"ldflags":[],"ldlibs":[]},"external":{"path":"/usr","module":null,"extra_attributes":{}},"package_hash":"7c23z7whoetz2axu7iosdxexf7ptcrzv7ukbncegqwazq76dodsq====","annotations":{"original_specfile_version":5},"hash":"zbqzxytn7ap7bdrhvity33x3bstsufs3"},"x4wwkzbcjcihabxqil7lngy63vewdeij":{"name":"python","version":"3.12.3","arch":{"platform":"linux","platform_os":"ubuntu24.04","target":"x86_64"},"namespace":"builtin","parameters":{"build_system":"generic","bz2":true,"crypt":true,"ctypes":true,"dbm":true,"debug":false,"libxml2":true,"lzma":true,"optimizations":false,"pic":true,"pyexpat":true,"pythoncmd":false,"readline":true,"shared":true,"sqlite3":true,"ssl":true,"tkinter":false,"uuid":true,"zlib":true,"cflags":[],"cppflags":[],"cxxflags":[],"fflags":[],"ldflags":[],"ldlibs":[]},"external":{"path":"/usr","module":null,"extra_attributes":{}},"package_hash":"3ezslhv4zfsef3dkdir77vehvtvcsgcosxtu4lwaadwzymm5l2qa====","annotations":{"original_specfile_version":5},"hash":"x4wwkzbcjcihabxqil7lngy63vewdeij"}}}