{"_meta":{"file-type":"spack-lockfile","lockfile-version":6,"specfile-version":5},"spack":{"version":"1.1.0","type":"git","commit":"0c2be44e4ece21eb091ad5de4c97716b7c6d4c87"},"roots":[{"hash":"x4wwkzbcjcihabxqil7lngy63vewdeij","spec":"python@3.12"},{"hash":"d72h5srwwpbrig4dgc3hhtw5nwaa5atb","spec":"ant"},{"hash":"i46o3nwoatojjd74kg5brzna3uuethq3","spec":"openjdk"}],"concrete_specs":{"x4wwkzbcjcihabxqil7lngy63vewdeij":{"name":"python","version":"3.12.3","arch":{"platform":"linux","platform_os":"ubuntu24.04","target":"x86_64"},"namespace":"builtin","parameters":{"build_system":"generic","bz2":true,"crypt":true,"ctypes":true,"dbm":true,"debug":false,"libxml2":true,"lzma":true,"optimizations":false,"pic":true,"pyexpat":true,"pythoncmd":false,"readline":true,"shared":true,"sqlite3":true,"ssl":true,"tkinter":false,"uuid":true,"zlib":true,"cflags":[],"cppflags":[],"cxxflags":[],"fflags":[],"ldflags":[],"ldlibs":[]},"external":{"path":"/usr","module":null,"extra_attributes":{}},"package_hash":"3ezslhv4zfsef3dkdir77vehvtvcsgcosxtu4lwaadwzymm5l2qa====","annotations":{"original_specfile_version":5},"hash":"x4wwkzbcjcihabxqil7lngy63vewdeij"},"d72h5srwwpbrig4dgc3hhtw5nwaa5atb":{"name":"ant","version":"1.10.14","arch":{"platform":"linux","platform_os":"ubuntu24.04","target":"x86_64"},"namespace":"builtin","parameters":{"build_system":"generic","cflags":[],"cppflags":[],"cxxflags":[],"fflags":[],"ldflags":[],"ldlibs":[]},"external":{"path":"/usr","module":null,"extra_attributes":{}},"package_hash":"iba4igpqiltjys7adywqz65hnykcrblmlohbvpgkvfmva3dy6zsa====","annotations":{"original_specfile_version":5},"hash":"d72h5srwwpbrig4dgc3hhtw5nwaa5atb"},"i46o3nwoatojjd74kg5brzna3uuethq3":{"name":"openjdk","version":"17.0.11","arch":{"platform":"linux","platform_os":"ubuntu24.04","target":"x86_64"},"namespace":"builtin","parameters":{"build_system":"generic","certs":"none","cflags":[],"cppflags":[],"cxxflags":[],"fflags":[],"ldflags":[],"ldlibs":[]},"external":{"path":"/usr","module":null,"extra_attributes":{}},"package_hash":"qd66py2hmv2snr7ii62dbm5xaowbb5t33kfsfj23lkog2tykezrq====","annotations":{"original_specfile_version":5},"hash":"i46o3nwoatojjd74kg5brzna3uuethq3"}}}