{"_meta":{"file-type":"spack-lockfile","lockfile-version":6,"specfile-version":5},"spack":{"version":"1.1.0","type":"git","commit":"0c2be44e4ece21eb091ad5de4c97716b7c6d4c87"},"roots":[{"hash":"x4wwkzbcjcihabxqil7lngy63vewdeij","spec":"python@3.12"},{"hash":"svht44w4453vx76gadeoqfd2mgqhpvga","spec":"openfoam-org@12"}],"concrete_specs":{"x4wwkzbcjcihabxqil7lngy63vewdeij":{"name":"python","version":"3.12.3","arch":{"platform":"linux","platform_os":"ubuntu24.04","target":"x86_64"},"namespace":"builtin","parameters":{"build_system":"generic","bz2":true,"crypt":true,"ctypes":true,"dbm":true,"debug":false,"libxml2":true,"lzma":true,"optimizations":false,"pic":true,"pyexpat":true,"pythoncmd":false,"readline":true,"shared":true,"sqlite3":true,"ssl":true,"tkinter":false,"uuid":true,"zlib":true,"cflags":[],"cppflags":[],"cxxflags":[],"fflags":[],"ldflags":[],"ldlibs":[]},"external":{"path":"/usr","module":null,"extra_attributes":{}},"package_hash":"3ezslhv4zfsef3dkdir77vehvtvcsgcosxtu4lwaadwzymm5l2qa====","annotations":{"original_specfile_version":5},"hash":"x4wwkzbcjcihabxqil7lngy63vewdeij"},"svht44w4453vx76gadeoqfd2mgqhpvga":{"name":"openfoam-org","version":"12","arch":{"platform":"linux","platform_os":"ubuntu24.04","target":"x86_64_v4"},"namespace":"builtin","parameters":{"build_system":"generic","dev_path":"/home/izzet/projects/dftracer-workloads/openfoam/openfoam","int64":false,"metis":false,"patches":["ecfa93afa8900f583a23c179db7cf0dc066828a9fd872e061164f21301c2a222"],"precision":"dp","scotch":true,"source":true,"zoltan":false,"cflags":[],"cppflags":[],"cxxflags":[],"fflags":[],"ldflags":[],"ldlibs":[]},"patches":["ecfa93afa8900f583a23c179db7cf0dc066828a9fd872e061164f21301c2a222"],"package_hash":"7i5bbw6gy7pyzezjv3xr4zyk6ws4ghwfka5r24y6cglumso4xrba====","dependencies":[{"name":"cmake","hash":"mtwflxnk5go54w4de2mr75iarojivk63","parameters":{"deptypes":["build"],"virtuals":[]}},{"name":"compiler-wrapper","hash":"e7yctbqvme4oad2xnt5gynonq5omksj3","parameters":{"deptypes":["build"],"virtuals":[]}},{"name":"flex","hash":"g75lamn2vxrszafslvj5esxxdlq2bmcr","parameters":{"deptypes":["build","link"],"virtuals":[]}},{"name":"gcc","hash":"uwfdr2q5yjm74qe7rxeukihjupvhft6q","parameters":{"deptypes":["build"],"virtuals":["c","cxx"]}},{"name":"gcc-runtime","hash":"pdbi3kjcjul2wjuqkkv5p56xooytyjcg","parameters":{"deptypes":["link"],"virtuals":[]}},{"name":"glibc","hash":"4bfivdkeg4jj64esmnemhojxf5wlw2km","parameters":{"deptypes":["link"],"virtuals":["libc"]}},{"name":"json-c","hash":"e7mktn7zgkkij4vqsoh5eu7ybr7nvjqz","parameters":{"deptypes":["build","link"],"virtuals":[]}},{"name":"libyaml","hash":"rmau5zvsedyq62t5s3nfjbnm7l3m4fyt","parameters":{"deptypes":["build","link"],"virtuals":[]}},{"name":"openmpi","hash":"zbqzxytn7ap7bdrhvity33x3bstsufs3","parameters":{"deptypes":["build","link"],"virtuals":["mpi"]}},{"name":"readline","hash":"u6nygmvtf76ogarjpjmjm7qbf373ypet","parameters":{"deptypes":["build","link"],"virtuals":[]}},{"name":"scotch","hash":"ue4xpu3glyjzs4q2lqic3ijnb74t2ehj","parameters":{"deptypes":["build","link"],"virtuals":[]}},{"name":"zlib-ng","hash":"qpxwgch6uo2lg4bduzjddwxkcdrgm2dj","parameters":{"deptypes":["build","link"],"virtuals":["zlib-api"]}}],"annotations":{"original_specfile_version":5},"hash":"svht44w4453vx76gadeoqfd2mgqhpvga"},"mtwflxnk5go54w4de2mr75iarojivk63":{"name":"cmake","version":"3.28.3","arch":{"platform":"linux","platform_os":"ubuntu24.04","target":"x86_64"},"namespace":"builtin","parameters":{"build_system":"generic","build_type":"Release","doc":false,"ncurses":true,"ownlibs":true,"qtgui":false,"cflags":[],"cppflags":[],"cxxflags":[],"fflags":[],"ldflags":[],"ldlibs":[]},"external":{"path":"/usr","module":null,"extra_attributes":{}},"package_hash":"e2wxmid5vl22mqaugrojfapea73j7nmjoqooac4lt5ezzvqhp2oa====","annotations":{"original_specfile_version":5},"hash":"mtwflxnk5go54w4de2mr75iarojivk63"},"e7yctbqvme4oad2xnt5gynonq5omksj3":{"name":"compiler-wrapper","version":"1.0","arch":{"platform":"linux","platform_os":"ubuntu24.04","target":"x86_64_v4"},"namespace":"builtin","parameters":{"build_system":"generic","cflags":[],"cppflags":[],"cxxflags":[],"fflags":[],"ldflags":[],"ldlibs":[]},"package_hash":"brmd47iexcajusyydhjj4hkqcorobvc6swc7g6px6hryjo3jjm4q====","annotations":{"original_specfile_version":5},"hash":"e7yctbqvme4oad2xnt5gynonq5omksj3"},"g75lamn2vxrszafslvj5esxxdlq2bmcr":{"name":"flex","version":"2.6.4","arch":{"platform":"linux","platform_os":"ubuntu24.04","target":"x86_64"},"namespace":"builtin","parameters":{"build_system":"autotools","lex":true,"nls":false,"cflags":[],"cppflags":[],"cxxflags":[],"fflags":[],"ldflags":[],"ldlibs":[]},"external":{"path":"/usr","module":null,"extra_attributes":{}},"package_hash":"k252hrhcctjdvwoxm7br337j2g2hulxh6irencngyvjtc7nwwjya====","annotations":{"original_specfile_version":5},"hash":"g75lamn2vxrszafslvj5esxxdlq2bmcr"},"uwfdr2q5yjm74qe7rxeukihjupvhft6q":{"name":"gcc","version":"13.3.0","arch":{"platform":"linux","platform_os":"ubuntu24.04","target":"x86_64"},"namespace":"builtin","parameters":{"binutils":false,"bootstrap":true,"build_system":"autotools","build_type":"RelWithDebInfo","graphite":false,"languages":["c","c++","fortran"],"mold":false,"nvptx":false,"piclibs":false,"profiled":false,"strip":false,"cflags":[],"cppflags":[],"cxxflags":[],"fflags":[],"ldflags":[],"ldlibs":[]},"external":{"path":"/usr","module":null,"extra_attributes":{"compilers":{"c":"/usr/bin/gcc","cxx":"/usr/bin/g++","fortran":"/usr/bin/gfortran"}}},"package_hash":"4vadbbf6hja5j5q7jphqye7bcfu5b27vik5bqp3biawr2i6oireq====","annotations":{"original_specfile_version":5},"hash":"uwfdr2q5yjm74qe7rxeukihjupvhft6q"},"pdbi3kjcjul2wjuqkkv5p56xooytyjcg":{"name":"gcc-runtime","version":"13.3.0","arch":{"platform":"linux","platform_os":"ubuntu24.04","target":"x86_64_v4"},"namespace":"builtin","parameters":{"build_system":"generic","cflags":[],"cppflags":[],"cxxflags":[],"fflags":[],"ldflags":[],"ldlibs":[]},"package_hash":"q2rk2ibjyixyovjks3huspa2gqfkl7b2q2l4efx54262chl3icjq====","dependencies":[{"name":"gcc","hash":"uwfdr2q5yjm74qe7rxeukihjupvhft6q","parameters":{"deptypes":["build"],"virtuals":[]}},{"name":"glibc","hash":"4bfivdkeg4jj64esmnemhojxf5wlw2km","parameters":{"deptypes":["link"],"virtuals":["libc"]}}],"annotations":{"original_specfile_version":5},"hash":"pdbi3kjcjul2wjuqkkv5p56xooytyjcg"},"4bfivdkeg4jj64esmnemhojxf5wlw2km":{"name":"glibc","version":"2.39","arch":{"platform":"linux","platform_os":"ubuntu24.04","target":"x86_64"},"namespace":"builtin","parameters":{"build_system":"autotools","cflags":[],"cppflags":[],"cxxflags":[],"fflags":[],"ldflags":[],"ldlibs":[]},"external":{"path":"/usr","module":null,"extra_attributes":{}},"package_hash":"uykmboa2sw2jkcgvgh6ywrvd7l2m6puhzhzdljklfme6w6agh6ia====","annotations":{"original_specfile_version":5},"hash":"4bfivdkeg4jj64esmnemhojxf5wlw2km"},"e7mktn7zgkkij4vqsoh5eu7ybr7nvjqz":{"name":"json-c","version":"0.17","arch":{"platform":"linux","platform_os":"ubuntu24.04","target":"x86_64"},"namespace":"builtin","parameters":{"build_system":"cmake","build_type":"Release","generator":"make","cflags":[],"cppflags":[],"cxxflags":[],"fflags":[],"ldflags":[],"ldlibs":[]},"external":{"path":"/usr","module":null,"extra_attributes":{}},"package_hash":"6vt7tekngsp3lvkvwthsimn4xnneqir4rumviyr74iiphty2sdlq====","annotations":{"original_specfile_version":5},"hash":"e7mktn7zgkkij4vqsoh5eu7ybr7nvjqz"},"rmau5zvsedyq62t5s3nfjbnm7l3m4fyt":{"name":"libyaml","version":"0.2.5","arch":{"platform":"linux","platform_os":"ubuntu24.04","target":"x86_64"},"namespace":"builtin","parameters":{"build_system":"autotools","cflags":[],"cppflags":[],"cxxflags":[],"fflags":[],"ldflags":[],"ldlibs":[]},"external":{"path":"/usr","module":null,"extra_attributes":{}},"package_hash":"uerjalcebiknyntippb2di6vu4hkis3fs7g46s6q5qob4k5y4esq====","annotations":{"original_specfile_version":5},"hash":"rmau5zvsedyq62t5s3nfjbnm7l3m4fyt"},"zbqzxytn7ap7bdrhvity33x3bstsufs3":{"name":"openmpi","version":"4.1.6","arch":{"platform":"linux","platform_os":"ubuntu24.04","target":"x86_64"},"namespace":"builtin","parameters":{"atomics":true,"build_system":"autotools","cuda":false,"cxx":true,"cxx_exceptions":false,"debug":false,"fabrics":["none"],"fortran":true,"gpfs":false,"internal-hwloc":false,"internal-libevent":false,"internal-pmix":false,"ipv6":false,"java":false,"lustre":false,"memchecker":false,"openshmem":false,"orterunprefix":false,"rocm":false,"romio":true,"romio-filesystem":["none"],"rsh":true,"schedulers":["none"],"static":false,"two_level_namespace":false,"vt":true,"wrapper-rpath":true,"cflags":[],"cppflags":[],"cxxflags":[],"fflags":[],"ldflags":[],"ldlibs":[]},"external":{"path":"/usr","module":null,"extra_attributes":{}},"package_hash":"7c23z7whoetz2axu7iosdxexf7ptcrzv7ukbncegqwazq76dodsq====","annotations":{"original_specfile_version":5},"hash":"zbqzxytn7ap7bdrhvity33x3bstsufs3"},"u6nygmvtf76ogarjpjmjm7qbf373ypet":{"name":"readline","version":"8.2","arch":{"platform":"linux","platform_os":"ubuntu24.04","target":"x86_64"},"namespace":"builtin","parameters":{"build_system":"autotools","cflags":[],"cppflags":[],"cxxflags":[],"fflags":[],"ldflags":[],"ldlibs":[]},"external":{"path":"/usr","module":null,"extra_attributes":{}},"package_hash":"mqyjnzfew6573ekwq3omvdpk6eq2f4qghuo4fjqpouqwgwsmc5xq====","annotations":{"original_specfile_version":5},"hash":"u6nygmvtf76ogarjpjmjm7qbf373ypet"},"ue4xpu3glyjzs4q2lqic3ijnb74t2ehj":{"name":"scotch","version":"7.0.4","arch":{"platform":"linux","platform_os":"ubuntu24.04","target":"x86_64"},"namespace":"builtin","parameters":{"build_system":"cmake","build_type":"Release","compression":true,"esmumps":false,"generator":"make","int64":false,"metis":false,"mpi":true,"mpi_thread":false,"noarch":false,"shared":true,"threads":true,"cflags":[],"cppflags":[],"cxxflags":[],"fflags":[],"ldflags":[],"ldlibs":[]},"external":{"path":"/usr","module":null,"extra_attributes":{}},"package_hash":"l3y3oynmltbag6lmhpufsbnlz5pmq6bfngwpjhxawiks7r3hi7xq====","annotations":{"original_specfile_version":5},"hash":"ue4xpu3glyjzs4q2lqic3ijnb74t2ehj"},"qpxwgch6uo2lg4bduzjddwxkcdrgm2dj":{"name":"zlib-ng","version":"2.2.4","arch":{"platform":"linux","platform_os":"ubuntu24.04","target":"x86_64_v4"},"namespace":"builtin","parameters":{"build_system":"autotools","compat":true,"new_strategies":true,"opt":true,"pic":true,"shared":true,"cflags":[],"cppflags":[],"cxxflags":[],"fflags":[],"ldflags":[],"ldlibs":[]},"package_hash":"atlinvfh3ttnwgfvl3uftgsyhtyqhhrmvzojzrhlyebq3fbbhptq====","dependencies":[{"name":"compiler-wrapper","hash":"e7yctbqvme4oad2xnt5gynonq5omksj3","parameters":{"deptypes":["build"],"virtuals":[]}},{"name":"gcc","hash":"uwfdr2q5yjm74qe7rxeukihjupvhft6q","parameters":{"deptypes":["build"],"virtuals":["c","cxx"]}},{"name":"gcc-runtime","hash":"pdbi3kjcjul2wjuqkkv5p56xooytyjcg","parameters":{"deptypes":["link"],"virtuals":[]}},{"name":"glibc","hash":"4bfivdkeg4jj64esmnemhojxf5wlw2km","parameters":{"deptypes":["link"],"virtuals":["libc"]}},{"name":"gmake","hash":"yyqdpvhua5hgt5b6kquxhovqwyyxhakb","parameters":{"deptypes":["build"],"virtuals":[]}}],"annotations":{"original_specfile_version":5},"hash":"qpxwgch6uo2lg4bduzjddwxkcdrgm2dj"},"yyqdpvhua5hgt5b6kquxhovqwyyxhakb":{"name":"gmake","version":"4.3","arch":{"platform":"linux","platform_os":"ubuntu24.04","target":"x86_64"},"namespace":"builtin","parameters":{"build_system":"generic","guile":false,"cflags":[],"cppflags":[],"cxxflags":[],"fflags":[],"ldflags":[],"ldlibs":[]},"external":{"path":"/usr","module":null,"extra_attributes":{}},"package_hash":"rmosdaktu3dg4p7p2dkli2z35jevi6sa72yalqgepm4na6rva3xq====","annotations":{"original_specfile_version":5},"hash":"yyqdpvhua5hgt5b6kquxhovqwyyxhakb"}}}