{"_meta":{"file-type":"spack-lockfile","lockfile-version":6,"specfile-version":5},"spack":{"version":"1.1.0","type":"git","commit":"0c2be44e4ece21eb091ad5de4c97716b7c6d4c87"},"roots":[{"hash":"5nuisiqmwmpnvedpv7jl2mnptzb6n5se","spec":"parallel-netcdf@1.14.0"},{"hash":"vjxung47jhtbonpdornethnm3oufowgn","spec":"autoconf"},{"hash":"knx4cirufjtothslsbnmuqkybl4xl47c","spec":"adios2@2.8.3+mpi"},{"hash":"wh2rfpp327gv2neax2v5bn62d4sbc52j","spec":"libtool"},{"hash":"boaql3vk44wba2etpxpc2qykvevftls3","spec":"automake"},{"hash":"zbqzxytn7ap7bdrhvity33x3bstsufs3","spec":"openmpi"},{"hash":"x4wwkzbcjcihabxqil7lngy63vewdeij","spec":"python@3.12"},{"hash":"mq7sjc7iovbiffrhixsmdzgf36mqgtlo","spec":"netcdf-c@4.9.2+mpi"},{"hash":"evajarv5sk3p6p4zc7ofgsoxxcml4biw","spec":"m4"},{"hash":"6tnupbjhtn7dr4gqek65v7fqdpajzvwi","spec":"hdf5@1.14.6+mpi"}],"concrete_specs":{"5nuisiqmwmpnvedpv7jl2mnptzb6n5se":{"name":"parallel-netcdf","version":"1.14.0","arch":{"platform":"linux","platform_os":"ubuntu24.04","target":"x86_64_v4"},"namespace":"builtin","parameters":{"build_system":"autotools","burstbuffer":false,"cxx":true,"examples":false,"fortran":true,"pic":true,"shared":true,"cflags":[],"cppflags":[],"cxxflags":[],"fflags":[],"ldflags":[],"ldlibs":[]},"package_hash":"4h3xlqxhauc44fjfvljuau2sfzd4zpvizcjlvfusnxhkhzmgasfq====","dependencies":[{"name":"compiler-wrapper","hash":"e7yctbqvme4oad2xnt5gynonq5omksj3","parameters":{"deptypes":["build"],"virtuals":[]}},{"name":"gcc","hash":"uwfdr2q5yjm74qe7rxeukihjupvhft6q","parameters":{"deptypes":["build"],"virtuals":["c","cxx","fortran"]}},{"name":"gcc-runtime","hash":"pdbi3kjcjul2wjuqkkv5p56xooytyjcg","parameters":{"deptypes":["link"],"virtuals":["fortran-rt","libgfortran"]}},{"name":"glibc","hash":"4bfivdkeg4jj64esmnemhojxf5wlw2km","parameters":{"deptypes":["link"],"virtuals":["libc"]}},{"name":"gmake","hash":"yyqdpvhua5hgt5b6kquxhovqwyyxhakb","parameters":{"deptypes":["build"],"virtuals":[]}},{"name":"m4","hash":"evajarv5sk3p6p4zc7ofgsoxxcml4biw","parameters":{"deptypes":["build"],"virtuals":[]}},{"name":"openmpi","hash":"zbqzxytn7ap7bdrhvity33x3bstsufs3","parameters":{"deptypes":["build","link"],"virtuals":["mpi"]}},{"name":"perl","hash":"oh6kumuxbuzfurvlx7ffwjj7dbjp22ij","parameters":{"deptypes":["build"],"virtuals":[]}}],"annotations":{"original_specfile_version":5},"hash":"5nuisiqmwmpnvedpv7jl2mnptzb6n5se"},"e7yctbqvme4oad2xnt5gynonq5omksj3":{"name":"compiler-wrapper","version":"1.0","arch":{"platform":"linux","platform_os":"ubuntu24.04","target":"x86_64_v4"},"namespace":"builtin","parameters":{"build_system":"generic","cflags":[],"cppflags":[],"cxxflags":[],"fflags":[],"ldflags":[],"ldlibs":[]},"package_hash":"brmd47iexcajusyydhjj4hkqcorobvc6swc7g6px6hryjo3jjm4q====","annotations":{"original_specfile_version":5},"hash":"e7yctbqvme4oad2xnt5gynonq5omksj3"},"uwfdr2q5yjm74qe7rxeukihjupvhft6q":{"name":"gcc","version":"13.3.0","arch":{"platform":"linux","platform_os":"ubuntu24.04","target":"x86_64"},"namespace":"builtin","parameters":{"binutils":false,"bootstrap":true,"build_system":"autotools","build_type":"RelWithDebInfo","graphite":false,"languages":["c","c++","fortran"],"mold":false,"nvptx":false,"piclibs":false,"profiled":false,"strip":false,"cflags":[],"cppflags":[],"cxxflags":[],"fflags":[],"ldflags":[],"ldlibs":[]},"external":{"path":"/usr","module":null,"extra_attributes":{"compilers":{"c":"/usr/bin/gcc","cxx":"/usr/bin/g++","fortran":"/usr/bin/gfortran"}}},"package_hash":"4vadbbf6hja5j5q7jphqye7bcfu5b27vik5bqp3biawr2i6oireq====","annotations":{"original_specfile_version":5},"hash":"uwfdr2q5yjm74qe7rxeukihjupvhft6q"},"pdbi3kjcjul2wjuqkkv5p56xooytyjcg":{"name":"gcc-runtime","version":"13.3.0","arch":{"platform":"linux","platform_os":"ubuntu24.04","target":"x86_64_v4"},"namespace":"builtin","parameters":{"build_system":"generic","cflags":[],"cppflags":[],"cxxflags":[],"fflags":[],"ldflags":[],"ldlibs":[]},"package_hash":"q2rk2ibjyixyovjks3huspa2gqfkl7b2q2l4efx54262chl3icjq====","dependencies":[{"name":"gcc","hash":"uwfdr2q5yjm74qe7rxeukihjupvhft6q","parameters":{"deptypes":["build"],"virtuals":[]}},{"name":"glibc","hash":"4bfivdkeg4jj64esmnemhojxf5wlw2km","parameters":{"deptypes":["link"],"virtuals":["libc"]}}],"annotations":{"original_specfile_version":5},"hash":"pdbi3kjcjul2wjuqkkv5p56xooytyjcg"},"4bfivdkeg4jj64esmnemhojxf5wlw2km":{"name":"glibc","version":"2.39","arch":{"platform":"linux","platform_os":"ubuntu24.04","target":"x86_64"},"namespace":"builtin","parameters":{"build_system":"autotools","cflags":[],"cppflags":[],"cxxflags":[],"fflags":[],"ldflags":[],"ldlibs":[]},"external":{"path":"/usr","module":null,"extra_attributes":{}},"package_hash":"uykmboa2sw2jkcgvgh6ywrvd7l2m6puhzhzdljklfme6w6agh6ia====","annotations":{"original_specfile_version":5},"hash":"4bfivdkeg4jj64esmnemhojxf5wlw2km"},"yyqdpvhua5hgt5b6kquxhovqwyyxhakb":{"name":"gmake","version":"4.3","arch":{"platform":"linux","platform_os":"ubuntu24.04","target":"x86_64"},"namespace":"builtin","parameters":{"build_system":"generic","guile":false,"cflags":[],"cppflags":[],"cxxflags":[],"fflags":[],"ldflags":[],"ldlibs":[]},"external":{"path":"/usr","module":null,"extra_attributes":{}},"package_hash":"rmosdaktu3dg4p7p2dkli2z35jevi6sa72yalqgepm4na6rva3xq====","annotations":{"original_specfile_version":5},"hash":"yyqdpvhua5hgt5b6kquxhovqwyyxhakb"},"evajarv5sk3p6p4zc7ofgsoxxcml4biw":{"name":"m4","version":"1.4.19","arch":{"platform":"linux","platform_os":"ubuntu24.04","target":"x86_64"},"namespace":"builtin","parameters":{"build_system":"autotools","sigsegv":true,"cflags":[],"cppflags":[],"cxxflags":[],"fflags":[],"ldflags":[],"ldlibs":[]},"external":{"path":"/usr","module":null,"extra_attributes":{}},"package_hash":"bsapcnmjgsg7x3jjsqxwq3mtzy6th232xcbgdjx3qoxohzfouefa====","annotations":{"original_specfile_version":5},"hash":"evajarv5sk3p6p4zc7ofgsoxxcml4biw"},"zbqzxytn7ap7bdrhvity33x3bstsufs3":{"name":"openmpi","version":"4.1.6","arch":{"platform":"linux","platform_os":"ubuntu24.04","target":"x86_64"},"namespace":"builtin","parameters":{"atomics":true,"build_system":"autotools","cuda":false,"cxx":true,"cxx_exceptions":false,"debug":false,"fabrics":["none"],"fortran":true,"gpfs":false,"internal-hwloc":false,"internal-libevent":false,"internal-pmix":false,"ipv6":false,"java":false,"lustre":false,"memchecker":false,"openshmem":false,"orterunprefix":false,"rocm":false,"romio":true,"romio-filesystem":["none"],"rsh":true,"schedulers":["none"],"static":false,"two_level_namespace":false,"vt":true,"wrapper-rpath":true,"cflags":[],"cppflags":[],"cxxflags":[],"fflags":[],"ldflags":[],"ldlibs":[]},"external":{"path":"/usr","module":null,"extra_attributes":{}},"package_hash":"7c23z7whoetz2axu7iosdxexf7ptcrzv7ukbncegqwazq76dodsq====","annotations":{"original_specfile_version":5},"hash":"zbqzxytn7ap7bdrhvity33x3bstsufs3"},"oh6kumuxbuzfurvlx7ffwjj7dbjp22ij":{"name":"perl","version":"5.38.2","arch":{"platform":"linux","platform_os":"ubuntu24.04","target":"x86_64"},"namespace":"builtin","parameters":{"build_system":"generic","cpanm":false,"opcode":true,"open":true,"shared":true,"threads":true,"cflags":[],"cppflags":[],"cxxflags":[],"fflags":[],"ldflags":[],"ldlibs":[]},"external":{"path":"/usr","module":null,"extra_attributes":{}},"package_hash":"ibl7jas7j5zgyykzwv4ejwelmk3wicajhpgr72sgtsgxbf2hby7a====","annotations":{"original_specfile_version":5},"hash":"oh6kumuxbuzfurvlx7ffwjj7dbjp22ij"},"vjxung47jhtbonpdornethnm3oufowgn":{"name":"autoconf","version":"2.71","arch":{"platform":"linux","platform_os":"ubuntu24.04","target":"x86_64"},"namespace":"builtin","parameters":{"build_system":"autotools","cflags":[],"cppflags":[],"cxxflags":[],"fflags":[],"ldflags":[],"ldlibs":[]},"external":{"path":"/usr","module":null,"extra_attributes":{}},"package_hash":"qvstdavbh7lqwlklvuy7nazz4flnvusscco543ek6fkvfstb2pkq====","annotations":{"original_specfile_version":5},"hash":"vjxung47jhtbonpdornethnm3oufowgn"},"knx4cirufjtothslsbnmuqkybl4xl47c":{"name":"adios2","version":"2.8.3","arch":{"platform":"linux","platform_os":"ubuntu24.04","target":"x86_64_v4"},"namespace":"builtin","parameters":{"blosc":true,"build_system":"cmake","build_type":"Release","bzip2":true,"cuda":false,"dataspaces":false,"fortran":true,"generator":"make","hdf5":false,"ipo":false,"libpressio":false,"mgard":true,"mpi":true,"patches":["5b56f4beb5f0580ee7b8f5240048676827cc9fb9760ea742ab237dc1a0b94f91","d854008ab27d6ebfa66fffb78126b17713cda3234ed19bf331f85a720e599a32"],"pic":false,"png":true,"python":false,"rocm":false,"sst":true,"sz":true,"zfp":true,"cflags":[],"cppflags":[],"cxxflags":[],"fflags":[],"ldflags":[],"ldlibs":[]},"patches":["d854008ab27d6ebfa66fffb78126b17713cda3234ed19bf331f85a720e599a32","5b56f4beb5f0580ee7b8f5240048676827cc9fb9760ea742ab237dc1a0b94f91"],"package_hash":"gciusdml6jwkodjawks2ikgpqymeusfwb56hlqqqbdjt6kiaplga====","dependencies":[{"name":"bzip2","hash":"lgogcdstd5xjsskcysorfnqjcnbsown6","parameters":{"deptypes":["build","link"],"virtuals":[]}},{"name":"c-blosc","hash":"werz4k7mmevp745vtoh2or67powntfmd","parameters":{"deptypes":["build","link"],"virtuals":[]}},{"name":"cmake","hash":"mtwflxnk5go54w4de2mr75iarojivk63","parameters":{"deptypes":["build"],"virtuals":[]}},{"name":"compiler-wrapper","hash":"e7yctbqvme4oad2xnt5gynonq5omksj3","parameters":{"deptypes":["build"],"virtuals":[]}},{"name":"gcc","hash":"uwfdr2q5yjm74qe7rxeukihjupvhft6q","parameters":{"deptypes":["build"],"virtuals":["c","cxx","fortran"]}},{"name":"gcc-runtime","hash":"pdbi3kjcjul2wjuqkkv5p56xooytyjcg","parameters":{"deptypes":["link"],"virtuals":["fortran-rt","libgfortran"]}},{"name":"glibc","hash":"4bfivdkeg4jj64esmnemhojxf5wlw2km","parameters":{"deptypes":["link"],"virtuals":["libc"]}},{"name":"gmake","hash":"yyqdpvhua5hgt5b6kquxhovqwyyxhakb","parameters":{"deptypes":["build"],"virtuals":[]}},{"name":"libfabric","hash":"zqcekifn6olvxpmvn4skxnf57k23eshc","parameters":{"deptypes":["build","link"],"virtuals":[]}},{"name":"libffi","hash":"mqfzx4wkow77mpo73ag2p57pseoazfih","parameters":{"deptypes":["build","link"],"virtuals":[]}},{"name":"libpng","hash":"dsdw2uwmpps54jb5zdy2vc4j47u5kyyc","parameters":{"deptypes":["build","link"],"virtuals":[]}},{"name":"mgard","hash":"cciicz5mchtxhbip2hqvl254iqk7mh3d","parameters":{"deptypes":["build","link"],"virtuals":[]}},{"name":"openmpi","hash":"zbqzxytn7ap7bdrhvity33x3bstsufs3","parameters":{"deptypes":["build","link"],"virtuals":["mpi"]}},{"name":"pkgconf","hash":"nuoltep7ghbowmp64ruf3lo7h6u33sxy","parameters":{"deptypes":["build"],"virtuals":["pkgconfig"]}},{"name":"sz","hash":"mnz6oyaoaim7fgphx2k73kubmhragv6e","parameters":{"deptypes":["build","link"],"virtuals":[]}},{"name":"zfp","hash":"vefd2ivumrcl6vzqpqv6ko2fylyabctx","parameters":{"deptypes":["build","link"],"virtuals":[]}}],"annotations":{"original_specfile_version":5},"hash":"knx4cirufjtothslsbnmuqkybl4xl47c"},"lgogcdstd5xjsskcysorfnqjcnbsown6":{"name":"bzip2","version":"1.0.8","arch":{"platform":"linux","platform_os":"ubuntu24.04","target":"x86_64"},"namespace":"builtin","parameters":{"build_system":"generic","debug":false,"pic":false,"shared":true,"cflags":[],"cppflags":[],"cxxflags":[],"fflags":[],"ldflags":[],"ldlibs":[]},"external":{"path":"/usr","module":null,"extra_attributes":{}},"package_hash":"23pafj3kmpyregjxpmso3hf2q5op467msdhghyksoj2sv75ixqga====","annotations":{"original_specfile_version":5},"hash":"lgogcdstd5xjsskcysorfnqjcnbsown6"},"werz4k7mmevp745vtoh2or67powntfmd":{"name":"c-blosc","version":"1.21.6","arch":{"platform":"linux","platform_os":"ubuntu24.04","target":"x86_64_v4"},"namespace":"builtin","parameters":{"avx2":true,"build_system":"cmake","build_type":"Release","generator":"make","ipo":false,"cflags":[],"cppflags":[],"cxxflags":[],"fflags":[],"ldflags":[],"ldlibs":[]},"package_hash":"3u6wkkei43nr64wgogfldyste2tnw2pgx6gibzttuxlmiwzig5mq====","dependencies":[{"name":"cmake","hash":"mtwflxnk5go54w4de2mr75iarojivk63","parameters":{"deptypes":["build"],"virtuals":[]}},{"name":"compiler-wrapper","hash":"e7yctbqvme4oad2xnt5gynonq5omksj3","parameters":{"deptypes":["build"],"virtuals":[]}},{"name":"gcc","hash":"uwfdr2q5yjm74qe7rxeukihjupvhft6q","parameters":{"deptypes":["build"],"virtuals":["c","cxx"]}},{"name":"gcc-runtime","hash":"pdbi3kjcjul2wjuqkkv5p56xooytyjcg","parameters":{"deptypes":["link"],"virtuals":[]}},{"name":"glibc","hash":"4bfivdkeg4jj64esmnemhojxf5wlw2km","parameters":{"deptypes":["link"],"virtuals":["libc"]}},{"name":"gmake","hash":"yyqdpvhua5hgt5b6kquxhovqwyyxhakb","parameters":{"deptypes":["build"],"virtuals":[]}},{"name":"lz4","hash":"6cpcpcvyd5pkr25hpztcvztw6orpakny","parameters":{"deptypes":["build","link"],"virtuals":[]}},{"name":"snappy","hash":"tqhgfbpaikrk33654jr74lks4bqglokr","parameters":{"deptypes":["build","link"],"virtuals":[]}},{"name":"zlib-ng","hash":"qpxwgch6uo2lg4bduzjddwxkcdrgm2dj","parameters":{"deptypes":["build","link"],"virtuals":["zlib-api"]}},{"name":"zstd","hash":"m562yg3ow475rek5jaz47sfhrr7mbfkp","parameters":{"deptypes":["build","link"],"virtuals":[]}}],"annotations":{"original_specfile_version":5},"hash":"werz4k7mmevp745vtoh2or67powntfmd"},"mtwflxnk5go54w4de2mr75iarojivk63":{"name":"cmake","version":"3.28.3","arch":{"platform":"linux","platform_os":"ubuntu24.04","target":"x86_64"},"namespace":"builtin","parameters":{"build_system":"generic","build_type":"Release","doc":false,"ncurses":true,"ownlibs":true,"qtgui":false,"cflags":[],"cppflags":[],"cxxflags":[],"fflags":[],"ldflags":[],"ldlibs":[]},"external":{"path":"/usr","module":null,"extra_attributes":{}},"package_hash":"e2wxmid5vl22mqaugrojfapea73j7nmjoqooac4lt5ezzvqhp2oa====","annotations":{"original_specfile_version":5},"hash":"mtwflxnk5go54w4de2mr75iarojivk63"},"6cpcpcvyd5pkr25hpztcvztw6orpakny":{"name":"lz4","version":"1.9.4","arch":{"platform":"linux","platform_os":"ubuntu24.04","target":"x86_64"},"namespace":"builtin","parameters":{"build_system":"makefile","libs":["shared","static"],"pic":true,"cflags":[],"cppflags":[],"cxxflags":[],"fflags":[],"ldflags":[],"ldlibs":[]},"external":{"path":"/usr","module":null,"extra_attributes":{}},"package_hash":"p6onq37tv6ihui5vwas45shdltxakuut4zhdry65nn4i74i6lnza====","annotations":{"original_specfile_version":5},"hash":"6cpcpcvyd5pkr25hpztcvztw6orpakny"},"tqhgfbpaikrk33654jr74lks4bqglokr":{"name":"snappy","version":"1.1.10","arch":{"platform":"linux","platform_os":"ubuntu24.04","target":"x86_64"},"namespace":"builtin","parameters":{"build_system":"cmake","build_type":"Release","generator":"make","pic":true,"shared":true,"cflags":[],"cppflags":[],"cxxflags":[],"fflags":[],"ldflags":[],"ldlibs":[]},"external":{"path":"/usr","module":null,"extra_attributes":{}},"package_hash":"xjtofksvknldrmnfixht7fqlbhvx2h6aayc4juvzn4tfnxrelkhq====","annotations":{"original_specfile_version":5},"hash":"tqhgfbpaikrk33654jr74lks4bqglokr"},"qpxwgch6uo2lg4bduzjddwxkcdrgm2dj":{"name":"zlib-ng","version":"2.2.4","arch":{"platform":"linux","platform_os":"ubuntu24.04","target":"x86_64_v4"},"namespace":"builtin","parameters":{"build_system":"autotools","compat":true,"new_strategies":true,"opt":true,"pic":true,"shared":true,"cflags":[],"cppflags":[],"cxxflags":[],"fflags":[],"ldflags":[],"ldlibs":[]},"package_hash":"atlinvfh3ttnwgfvl3uftgsyhtyqhhrmvzojzrhlyebq3fbbhptq====","dependencies":[{"name":"compiler-wrapper","hash":"e7yctbqvme4oad2xnt5gynonq5omksj3","parameters":{"deptypes":["build"],"virtuals":[]}},{"name":"gcc","hash":"uwfdr2q5yjm74qe7rxeukihjupvhft6q","parameters":{"deptypes":["build"],"virtuals":["c","cxx"]}},{"name":"gcc-runtime","hash":"pdbi3kjcjul2wjuqkkv5p56xooytyjcg","parameters":{"deptypes":["link"],"virtuals":[]}},{"name":"glibc","hash":"4bfivdkeg4jj64esmnemhojxf5wlw2km","parameters":{"deptypes":["link"],"virtuals":["libc"]}},{"name":"gmake","hash":"yyqdpvhua5hgt5b6kquxhovqwyyxhakb","parameters":{"deptypes":["build"],"virtuals":[]}}],"annotations":{"original_specfile_version":5},"hash":"qpxwgch6uo2lg4bduzjddwxkcdrgm2dj"},"m562yg3ow475rek5jaz47sfhrr7mbfkp":{"name":"zstd","version":"1.5.5","arch":{"platform":"linux","platform_os":"ubuntu24.04","target":"x86_64"},"namespace":"builtin","parameters":{"build_system":"makefile","libs":["shared","static"],"programs":false,"cflags":[],"cppflags":[],"cxxflags":[],"fflags":[],"ldflags":[],"ldlibs":[]},"external":{"path":"/usr","module":null,"extra_attributes":{}},"package_hash":"s4uhbfsvqktjshnl2cjsl47ayahyb2s7l6mg7zuguly46zbxchla====","annotations":{"original_specfile_version":5},"hash":"m562yg3ow475rek5jaz47sfhrr7mbfkp"},"zqcekifn6olvxpmvn4skxnf57k23eshc":{"name":"libfabric","version":"2.3.1","arch":{"platform":"linux","platform_os":"ubuntu24.04","target":"x86_64_v4"},"namespace":"builtin","parameters":{"build_system":"autotools","cuda":false,"debug":false,"fabrics":["sockets","tcp","udp"],"kdreg":false,"level_zero":false,"rocm":false,"uring":false,"cflags":[],"cppflags":[],"cxxflags":[],"fflags":[],"ldflags":[],"ldlibs":[]},"package_hash":"tspvuf2qdphxyicsvwqwmiozuzzvspwamotb2qbzlzmjmnabtnoq====","dependencies":[{"name":"compiler-wrapper","hash":"e7yctbqvme4oad2xnt5gynonq5omksj3","parameters":{"deptypes":["build"],"virtuals":[]}},{"name":"gcc","hash":"uwfdr2q5yjm74qe7rxeukihjupvhft6q","parameters":{"deptypes":["build"],"virtuals":["c"]}},{"name":"gcc-runtime","hash":"pdbi3kjcjul2wjuqkkv5p56xooytyjcg","parameters":{"deptypes":["link"],"virtuals":[]}},{"name":"glibc","hash":"4bfivdkeg4jj64esmnemhojxf5wlw2km","parameters":{"deptypes":["link"],"virtuals":["libc"]}},{"name":"gmake","hash":"yyqdpvhua5hgt5b6kquxhovqwyyxhakb","parameters":{"deptypes":["build"],"virtuals":[]}}],"annotations":{"original_specfile_version":5},"hash":"zqcekifn6olvxpmvn4skxnf57k23eshc"},"mqfzx4wkow77mpo73ag2p57pseoazfih":{"name":"libffi","version":"3.4.6","arch":{"platform":"linux","platform_os":"ubuntu24.04","target":"x86_64"},"namespace":"builtin","parameters":{"build_system":"autotools","cflags":[],"cppflags":[],"cxxflags":[],"fflags":[],"ldflags":[],"ldlibs":[]},"external":{"path":"/usr","module":null,"extra_attributes":{}},"package_hash":"nd6biaeudkh2rutznuofosvhbspwo5hrwnp7mxhbofgdibalojiq====","annotations":{"original_specfile_version":5},"hash":"mqfzx4wkow77mpo73ag2p57pseoazfih"},"dsdw2uwmpps54jb5zdy2vc4j47u5kyyc":{"name":"libpng","version":"1.6.43","arch":{"platform":"linux","platform_os":"ubuntu24.04","target":"x86_64"},"namespace":"builtin","parameters":{"build_system":"cmake","build_type":"Release","generator":"make","libs":["shared","static"],"pic":false,"cflags":[],"cppflags":[],"cxxflags":[],"fflags":[],"ldflags":[],"ldlibs":[]},"external":{"path":"/usr","module":null,"extra_attributes":{}},"package_hash":"6rnl3pleys2yu4t4rtjnumy25ct673k4hvwtgc3m7wgvlgpcaocq====","annotations":{"original_specfile_version":5},"hash":"dsdw2uwmpps54jb5zdy2vc4j47u5kyyc"},"cciicz5mchtxhbip2hqvl254iqk7mh3d":{"name":"mgard","version":"compat-2023-12-09","arch":{"platform":"linux","platform_os":"ubuntu24.04","target":"x86_64_v4"},"namespace":"builtin","parameters":{"build_system":"cmake","build_type":"Release","commit":"d61d8c06c49a72b2e582cc02de88b7b27e1275d2","cuda":false,"generator":"make","ipo":false,"openmp":true,"patches":["3c72d1d70e2410c79a646708a79648c127dc7c552d69fafae7ad531f3e19e2e0","4cbb01cb2afaaa5af1ea23a1fa5fde1365d2180a883dda9f1e04d433d841a665","7137bcb8d00e2a7f65f08f1063710c20c0bb553d570e5df0ca15a4ddd76265ae"],"rocm":false,"serial":true,"timing":false,"unstructured":false,"cflags":[],"cppflags":[],"cxxflags":[],"fflags":[],"ldflags":[],"ldlibs":[]},"patches":["4cbb01cb2afaaa5af1ea23a1fa5fde1365d2180a883dda9f1e04d433d841a665","3c72d1d70e2410c79a646708a79648c127dc7c552d69fafae7ad531f3e19e2e0","7137bcb8d00e2a7f65f08f1063710c20c0bb553d570e5df0ca15a4ddd76265ae"],"package_hash":"4z3y3euxt6jtyi5lg4wymzuomlfyjeevc5uz3juysxxisgddg7eq====","dependencies":[{"name":"cmake","hash":"mtwflxnk5go54w4de2mr75iarojivk63","parameters":{"deptypes":["build"],"virtuals":[]}},{"name":"compiler-wrapper","hash":"e7yctbqvme4oad2xnt5gynonq5omksj3","parameters":{"deptypes":["build"],"virtuals":[]}},{"name":"gcc","hash":"uwfdr2q5yjm74qe7rxeukihjupvhft6q","parameters":{"deptypes":["build"],"virtuals":["c","cxx"]}},{"name":"gcc-runtime","hash":"pdbi3kjcjul2wjuqkkv5p56xooytyjcg","parameters":{"deptypes":["link"],"virtuals":[]}},{"name":"glibc","hash":"4bfivdkeg4jj64esmnemhojxf5wlw2km","parameters":{"deptypes":["link"],"virtuals":["libc"]}},{"name":"gmake","hash":"yyqdpvhua5hgt5b6kquxhovqwyyxhakb","parameters":{"deptypes":["build"],"virtuals":[]}},{"name":"libarchive","hash":"zmxybuzuh5fupaopgxx7gwk74acsc53z","parameters":{"deptypes":["build","link"],"virtuals":[]}},{"name":"pkgconf","hash":"nuoltep7ghbowmp64ruf3lo7h6u33sxy","parameters":{"deptypes":["build"],"virtuals":["pkgconfig"]}},{"name":"protobuf","hash":"nojxp7vmcrvqww6qkgxfzks7g5hgqymx","parameters":{"deptypes":["build","link"],"virtuals":[]}},{"name":"python","hash":"x4wwkzbcjcihabxqil7lngy63vewdeij","parameters":{"deptypes":["build"],"virtuals":[]}},{"name":"sed","hash":"5jnemznu3nhwlm6rsindmta6hhhcbzvm","parameters":{"deptypes":["build"],"virtuals":[]}},{"name":"yaml-cpp","hash":"kaue2k2xwvdwnyacc4dmixr3lo3inwve","parameters":{"deptypes":["build","link"],"virtuals":[]}},{"name":"zlib-ng","hash":"qpxwgch6uo2lg4bduzjddwxkcdrgm2dj","parameters":{"deptypes":["build","link"],"virtuals":["zlib-api"]}},{"name":"zstd","hash":"m562yg3ow475rek5jaz47sfhrr7mbfkp","parameters":{"deptypes":["build","link"],"virtuals":[]}}],"annotations":{"original_specfile_version":5},"hash":"cciicz5mchtxhbip2hqvl254iqk7mh3d"},"zmxybuzuh5fupaopgxx7gwk74acsc53z":{"name":"libarchive","version":"3.7.2","arch":{"platform":"linux","platform_os":"ubuntu24.04","target":"x86_64"},"namespace":"builtin","parameters":{"build_system":"autotools","compression":["bz2lib","lz4","lzma","lzo2","zlib","zstd"],"crypto":"openssl","iconv":true,"libs":["shared","static"],"programs":["none"],"xar":"libxml2","cflags":[],"cppflags":[],"cxxflags":[],"fflags":[],"ldflags":[],"ldlibs":[]},"external":{"path":"/usr","module":null,"extra_attributes":{}},"package_hash":"scewzs2lwj3o5ev3me3eau3d4isqsegsngidxbl3zdsua64zylbq====","annotations":{"original_specfile_version":5},"hash":"zmxybuzuh5fupaopgxx7gwk74acsc53z"},"nuoltep7ghbowmp64ruf3lo7h6u33sxy":{"name":"pkgconf","version":"1.8.1","arch":{"platform":"linux","platform_os":"ubuntu24.04","target":"x86_64"},"namespace":"builtin","parameters":{"build_system":"autotools","cflags":[],"cppflags":[],"cxxflags":[],"fflags":[],"ldflags":[],"ldlibs":[]},"external":{"path":"/usr","module":null,"extra_attributes":{}},"package_hash":"p57x5mqs35mkwpdk2zwtmxa7dikti2ss4cgy3jn4pnt7teq76w6q====","annotations":{"original_specfile_version":5},"hash":"nuoltep7ghbowmp64ruf3lo7h6u33sxy"},"nojxp7vmcrvqww6qkgxfzks7g5hgqymx":{"name":"protobuf","version":"3.28.2","arch":{"platform":"linux","platform_os":"ubuntu24.04","target":"x86_64_v4"},"namespace":"builtin","parameters":{"build_system":"cmake","build_type":"Release","generator":"make","ipo":false,"shared":true,"cflags":[],"cppflags":[],"cxxflags":[],"fflags":[],"ldflags":[],"ldlibs":[]},"package_hash":"4lndvfdxu7r2hgwlgket573ulybfd4i6ozwnx7s5vxnwhsub4xrq====","dependencies":[{"name":"abseil-cpp","hash":"ywck5sbrlk6moktyqzmqg5ih76byewsq","parameters":{"deptypes":["build","link"],"virtuals":[]}},{"name":"cmake","hash":"mtwflxnk5go54w4de2mr75iarojivk63","parameters":{"deptypes":["build"],"virtuals":[]}},{"name":"compiler-wrapper","hash":"e7yctbqvme4oad2xnt5gynonq5omksj3","parameters":{"deptypes":["build"],"virtuals":[]}},{"name":"gcc","hash":"uwfdr2q5yjm74qe7rxeukihjupvhft6q","parameters":{"deptypes":["build"],"virtuals":["c","cxx"]}},{"name":"gcc-runtime","hash":"pdbi3kjcjul2wjuqkkv5p56xooytyjcg","parameters":{"deptypes":["link"],"virtuals":[]}},{"name":"glibc","hash":"4bfivdkeg4jj64esmnemhojxf5wlw2km","parameters":{"deptypes":["link"],"virtuals":["libc"]}},{"name":"gmake","hash":"yyqdpvhua5hgt5b6kquxhovqwyyxhakb","parameters":{"deptypes":["build"],"virtuals":[]}},{"name":"zlib-ng","hash":"qpxwgch6uo2lg4bduzjddwxkcdrgm2dj","parameters":{"deptypes":["build","link"],"virtuals":["zlib-api"]}}],"annotations":{"original_specfile_version":5},"hash":"nojxp7vmcrvqww6qkgxfzks7g5hgqymx"},"ywck5sbrlk6moktyqzmqg5ih76byewsq":{"name":"abseil-cpp","version":"20240722.0","arch":{"platform":"linux","platform_os":"ubuntu24.04","target":"x86_64_v4"},"namespace":"builtin","parameters":{"build_system":"cmake","build_type":"Release","cxxstd":"14","generator":"make","ipo":false,"shared":true,"cflags":[],"cppflags":[],"cxxflags":[],"fflags":[],"ldflags":[],"ldlibs":[]},"package_hash":"glvltqrmi6nkslpz65257merjyoc6qhadueu5syt37msfbjcon6q====","dependencies":[{"name":"cmake","hash":"mtwflxnk5go54w4de2mr75iarojivk63","parameters":{"deptypes":["build"],"virtuals":[]}},{"name":"compiler-wrapper","hash":"e7yctbqvme4oad2xnt5gynonq5omksj3","parameters":{"deptypes":["build"],"virtuals":[]}},{"name":"gcc","hash":"uwfdr2q5yjm74qe7rxeukihjupvhft6q","parameters":{"deptypes":["build"],"virtuals":["cxx"]}},{"name":"gcc-runtime","hash":"pdbi3kjcjul2wjuqkkv5p56xooytyjcg","parameters":{"deptypes":["link"],"virtuals":[]}},{"name":"glibc","hash":"4bfivdkeg4jj64esmnemhojxf5wlw2km","parameters":{"deptypes":["link"],"virtuals":["libc"]}},{"name":"gmake","hash":"yyqdpvhua5hgt5b6kquxhovqwyyxhakb","parameters":{"deptypes":["build"],"virtuals":[]}}],"annotations":{"original_specfile_version":5},"hash":"ywck5sbrlk6moktyqzmqg5ih76byewsq"},"x4wwkzbcjcihabxqil7lngy63vewdeij":{"name":"python","version":"3.12.3","arch":{"platform":"linux","platform_os":"ubuntu24.04","target":"x86_64"},"namespace":"builtin","parameters":{"build_system":"generic","bz2":true,"crypt":true,"ctypes":true,"dbm":true,"debug":false,"libxml2":true,"lzma":true,"optimizations":false,"pic":true,"pyexpat":true,"pythoncmd":false,"readline":true,"shared":true,"sqlite3":true,"ssl":true,"tkinter":false,"uuid":true,"zlib":true,"cflags":[],"cppflags":[],"cxxflags":[],"fflags":[],"ldflags":[],"ldlibs":[]},"external":{"path":"/usr","module":null,"extra_attributes":{}},"package_hash":"3ezslhv4zfsef3dkdir77vehvtvcsgcosxtu4lwaadwzymm5l2qa====","annotations":{"original_specfile_version":5},"hash":"x4wwkzbcjcihabxqil7lngy63vewdeij"},"5jnemznu3nhwlm6rsindmta6hhhcbzvm":{"name":"sed","version":"4.9","arch":{"platform":"linux","platform_os":"ubuntu24.04","target":"x86_64"},"namespace":"builtin","parameters":{"build_system":"autotools","cflags":[],"cppflags":[],"cxxflags":[],"fflags":[],"ldflags":[],"ldlibs":[]},"external":{"path":"/usr","module":null,"extra_attributes":{}},"package_hash":"kb3fo4gqomkzvlrw3bn4mji52vhyddhqksobbdwifdabmelwda2q====","annotations":{"original_specfile_version":5},"hash":"5jnemznu3nhwlm6rsindmta6hhhcbzvm"},"kaue2k2xwvdwnyacc4dmixr3lo3inwve":{"name":"yaml-cpp","version":"0.8.0","arch":{"platform":"linux","platform_os":"ubuntu24.04","target":"x86_64"},"namespace":"builtin","parameters":{"build_system":"cmake","build_type":"Release","generator":"make","pic":true,"shared":true,"tests":false,"cflags":[],"cppflags":[],"cxxflags":[],"fflags":[],"ldflags":[],"ldlibs":[]},"external":{"path":"/usr","module":null,"extra_attributes":{}},"package_hash":"klrpft3njre4rbwyv67vibljcnqi6rtsfwgvw2ilhpcvq3esgwta====","annotations":{"original_specfile_version":5},"hash":"kaue2k2xwvdwnyacc4dmixr3lo3inwve"},"mnz6oyaoaim7fgphx2k73kubmhragv6e":{"name":"sz","version":"2.1.12.5","arch":{"platform":"linux","platform_os":"ubuntu24.04","target":"x86_64_v4"},"namespace":"builtin","parameters":{"build_system":"cmake","build_type":"Release","examples":false,"fortran":false,"generator":"make","hdf5":false,"ipo":false,"netcdf":false,"openmp":false,"pastri":false,"python":false,"random_access":false,"shared":true,"stats":false,"time_compression":false,"cflags":[],"cppflags":[],"cxxflags":[],"fflags":[],"ldflags":[],"ldlibs":[]},"package_hash":"nwcuebo4mcfgma2rzfbqzyptv7bvpf2x55w3tyoylcnc2tvemeha====","dependencies":[{"name":"cmake","hash":"mtwflxnk5go54w4de2mr75iarojivk63","parameters":{"deptypes":["build"],"virtuals":[]}},{"name":"compiler-wrapper","hash":"e7yctbqvme4oad2xnt5gynonq5omksj3","parameters":{"deptypes":["build"],"virtuals":[]}},{"name":"gcc","hash":"uwfdr2q5yjm74qe7rxeukihjupvhft6q","parameters":{"deptypes":["build"],"virtuals":["c","cxx"]}},{"name":"gcc-runtime","hash":"pdbi3kjcjul2wjuqkkv5p56xooytyjcg","parameters":{"deptypes":["link"],"virtuals":[]}},{"name":"glibc","hash":"4bfivdkeg4jj64esmnemhojxf5wlw2km","parameters":{"deptypes":["link"],"virtuals":["libc"]}},{"name":"gmake","hash":"yyqdpvhua5hgt5b6kquxhovqwyyxhakb","parameters":{"deptypes":["build"],"virtuals":[]}},{"name":"zlib-ng","hash":"qpxwgch6uo2lg4bduzjddwxkcdrgm2dj","parameters":{"deptypes":["build","link"],"virtuals":["zlib-api"]}},{"name":"zstd","hash":"m562yg3ow475rek5jaz47sfhrr7mbfkp","parameters":{"deptypes":["build","link"],"virtuals":[]}}],"annotations":{"original_specfile_version":5},"hash":"mnz6oyaoaim7fgphx2k73kubmhragv6e"},"vefd2ivumrcl6vzqpqv6ko2fylyabctx":{"name":"zfp","version":"0.5.5","arch":{"platform":"linux","platform_os":"ubuntu24.04","target":"x86_64_v4"},"namespace":"builtin","parameters":{"aligned":false,"bsws":"64","build_system":"cmake","build_type":"Release","c":false,"cuda":false,"fasthash":false,"fortran":false,"generator":"make","ipo":false,"openmp":false,"profile":false,"python":false,"shared":true,"strided":false,"twoway":false,"utilities":true,"cflags":[],"cppflags":[],"cxxflags":[],"fflags":[],"ldflags":[],"ldlibs":[]},"package_hash":"hsptenhxj6ft5krcgubyltj675r4l7hrbdwqj5u2zrqkjrtmrqzq====","dependencies":[{"name":"cmake","hash":"mtwflxnk5go54w4de2mr75iarojivk63","parameters":{"deptypes":["build"],"virtuals":[]}},{"name":"compiler-wrapper","hash":"e7yctbqvme4oad2xnt5gynonq5omksj3","parameters":{"deptypes":["build"],"virtuals":[]}},{"name":"gcc","hash":"uwfdr2q5yjm74qe7rxeukihjupvhft6q","parameters":{"deptypes":["build"],"virtuals":["c","cxx","fortran"]}},{"name":"gcc-runtime","hash":"pdbi3kjcjul2wjuqkkv5p56xooytyjcg","parameters":{"deptypes":["link"],"virtuals":["fortran-rt","libgfortran"]}},{"name":"glibc","hash":"4bfivdkeg4jj64esmnemhojxf5wlw2km","parameters":{"deptypes":["link"],"virtuals":["libc"]}},{"name":"gmake","hash":"yyqdpvhua5hgt5b6kquxhovqwyyxhakb","parameters":{"deptypes":["build"],"virtuals":[]}}],"annotations":{"original_specfile_version":5},"hash":"vefd2ivumrcl6vzqpqv6ko2fylyabctx"},"wh2rfpp327gv2neax2v5bn62d4sbc52j":{"name":"libtool","version":"2.4.7","arch":{"platform":"linux","platform_os":"ubuntu24.04","target":"x86_64"},"namespace":"builtin","parameters":{"build_system":"autotools","cflags":[],"cppflags":[],"cxxflags":[],"fflags":[],"ldflags":[],"ldlibs":[]},"external":{"path":"/usr","module":null,"extra_attributes":{}},"package_hash":"gv4m3tyevigjsd4mtj5pgcmixuhsyksi44hv4btdrrbizj5efqaq====","annotations":{"original_specfile_version":5},"hash":"wh2rfpp327gv2neax2v5bn62d4sbc52j"},"boaql3vk44wba2etpxpc2qykvevftls3":{"name":"automake","version":"1.16.5","arch":{"platform":"linux","platform_os":"ubuntu24.04","target":"x86_64"},"namespace":"builtin","parameters":{"build_system":"autotools","cflags":[],"cppflags":[],"cxxflags":[],"fflags":[],"ldflags":[],"ldlibs":[]},"external":{"path":"/usr","module":null,"extra_attributes":{}},"package_hash":"xs7oer2jh322ovr7dyqr72jl54ys24vbjrmrmrv34w7hpc3migfa====","annotations":{"original_specfile_version":5},"hash":"boaql3vk44wba2etpxpc2qykvevftls3"},"mq7sjc7iovbiffrhixsmdzgf36mqgtlo":{"name":"netcdf-c","version":"4.9.2","arch":{"platform":"linux","platform_os":"ubuntu24.04","target":"x86_64_v4"},"namespace":"builtin","parameters":{"blosc":true,"build_system":"autotools","byterange":false,"dap":false,"fsync":false,"hdf4":false,"jna":false,"logging":false,"mpi":true,"nczarr_zip":false,"optimize":true,"parallel-netcdf":false,"patches":["0161eb870fdfaf61be9d70132c9447a537320342366362e76b8460c823bf95ca"],"pic":true,"shared":true,"szip":true,"zstd":true,"cflags":[],"cppflags":[],"cxxflags":[],"fflags":[],"ldflags":[],"ldlibs":[]},"patches":["0161eb870fdfaf61be9d70132c9447a537320342366362e76b8460c823bf95ca"],"package_hash":"gvuphrn5khqviynvyr4pdybo3qt6jvjsvmtn6m4xagvid2k5p4pa====","dependencies":[{"name":"bzip2","hash":"lgogcdstd5xjsskcysorfnqjcnbsown6","parameters":{"deptypes":["build","link"],"virtuals":[]}},{"name":"c-blosc","hash":"werz4k7mmevp745vtoh2or67powntfmd","parameters":{"deptypes":["build","link"],"virtuals":[]}},{"name":"compiler-wrapper","hash":"e7yctbqvme4oad2xnt5gynonq5omksj3","parameters":{"deptypes":["build"],"virtuals":[]}},{"name":"gcc","hash":"uwfdr2q5yjm74qe7rxeukihjupvhft6q","parameters":{"deptypes":["build"],"virtuals":["c"]}},{"name":"gcc-runtime","hash":"pdbi3kjcjul2wjuqkkv5p56xooytyjcg","parameters":{"deptypes":["link"],"virtuals":[]}},{"name":"glibc","hash":"4bfivdkeg4jj64esmnemhojxf5wlw2km","parameters":{"deptypes":["link"],"virtuals":["libc"]}},{"name":"gmake","hash":"yyqdpvhua5hgt5b6kquxhovqwyyxhakb","parameters":{"deptypes":["build"],"virtuals":[]}},{"name":"hdf5","hash":"6tnupbjhtn7dr4gqek65v7fqdpajzvwi","parameters":{"deptypes":["build","link"],"virtuals":[]}},{"name":"libaec","hash":"n45dmsaln3enwcshtjrclh37bs6xgqd4","parameters":{"deptypes":["build","link"],"virtuals":["szip"]}},{"name":"openmpi","hash":"zbqzxytn7ap7bdrhvity33x3bstsufs3","parameters":{"deptypes":["build","link"],"virtuals":["mpi"]}},{"name":"zlib-ng","hash":"qpxwgch6uo2lg4bduzjddwxkcdrgm2dj","parameters":{"deptypes":["build","link"],"virtuals":["zlib-api"]}},{"name":"zstd","hash":"m562yg3ow475rek5jaz47sfhrr7mbfkp","parameters":{"deptypes":["build","link"],"virtuals":[]}}],"annotations":{"original_specfile_version":5},"hash":"mq7sjc7iovbiffrhixsmdzgf36mqgtlo"},"6tnupbjhtn7dr4gqek65v7fqdpajzvwi":{"name":"hdf5","version":"1.14.6","arch":{"platform":"linux","platform_os":"ubuntu24.04","target":"x86_64_v4"},"namespace":"builtin","parameters":{"api":"default","build_system":"cmake","build_type":"Release","cxx":false,"fortran":false,"generator":"make","hl":true,"ipo":false,"java":false,"map":false,"mpi":true,"shared":true,"subfiling":false,"szip":false,"threadsafe":false,"tools":true,"cflags":[],"cppflags":[],"cxxflags":[],"fflags":[],"ldflags":[],"ldlibs":[]},"package_hash":"6tm5aw3ug6sit33kmxj4a3tfvbadfb4cmszuks73lk5icqvddbia====","dependencies":[{"name":"cmake","hash":"mtwflxnk5go54w4de2mr75iarojivk63","parameters":{"deptypes":["build"],"virtuals":[]}},{"name":"compiler-wrapper","hash":"e7yctbqvme4oad2xnt5gynonq5omksj3","parameters":{"deptypes":["build"],"virtuals":[]}},{"name":"gcc","hash":"uwfdr2q5yjm74qe7rxeukihjupvhft6q","parameters":{"deptypes":["build"],"virtuals":["c"]}},{"name":"gcc-runtime","hash":"pdbi3kjcjul2wjuqkkv5p56xooytyjcg","parameters":{"deptypes":["link"],"virtuals":[]}},{"name":"glibc","hash":"4bfivdkeg4jj64esmnemhojxf5wlw2km","parameters":{"deptypes":["link"],"virtuals":["libc"]}},{"name":"gmake","hash":"yyqdpvhua5hgt5b6kquxhovqwyyxhakb","parameters":{"deptypes":["build"],"virtuals":[]}},{"name":"openmpi","hash":"zbqzxytn7ap7bdrhvity33x3bstsufs3","parameters":{"deptypes":["build","link"],"virtuals":["mpi"]}},{"name":"pkgconf","hash":"nuoltep7ghbowmp64ruf3lo7h6u33sxy","parameters":{"deptypes":["run"],"virtuals":["pkgconfig"]}},{"name":"zlib-ng","hash":"qpxwgch6uo2lg4bduzjddwxkcdrgm2dj","parameters":{"deptypes":["build","link"],"virtuals":["zlib-api"]}}],"annotations":{"original_specfile_version":5},"hash":"6tnupbjhtn7dr4gqek65v7fqdpajzvwi"},"n45dmsaln3enwcshtjrclh37bs6xgqd4":{"name":"libaec","version":"1.1.2","arch":{"platform":"linux","platform_os":"ubuntu24.04","target":"x86_64"},"namespace":"builtin","parameters":{"build_system":"cmake","build_type":"Release","generator":"make","shared":true,"cflags":[],"cppflags":[],"cxxflags":[],"fflags":[],"ldflags":[],"ldlibs":[]},"external":{"path":"/usr","module":null,"extra_attributes":{}},"package_hash":"winuj7gy4obxpfujyqjppwzoyftzdplbtqmzjpycdpzb45ttjxua====","annotations":{"original_specfile_version":5},"hash":"n45dmsaln3enwcshtjrclh37bs6xgqd4"}}}