{"_meta":{"file-type":"spack-lockfile","lockfile-version":6,"specfile-version":5},"spack":{"version":"1.1.0","type":"git","commit":"0c2be44e4ece21eb091ad5de4c97716b7c6d4c87"},"roots":[{"hash":"gg3g7y4wpjfpgayddxzt6tidhu474kbp","spec":"wrf@4.6.1+pnetcdf build_type=dmpar compile_type=em_b_wave"},{"hash":"x4wwkzbcjcihabxqil7lngy63vewdeij","spec":"python@3.12"}],"concrete_specs":{"gg3g7y4wpjfpgayddxzt6tidhu474kbp":{"name":"wrf","version":"4.6.1","arch":{"platform":"linux","platform_os":"ubuntu24.04","target":"x86_64_v4"},"namespace":"builtin","parameters":{"adios2":false,"build_system":"generic","build_type":"dmpar","chem":false,"compile_type":"em_b_wave","dev_path":"/home/izzet/projects/dftracer-workloads/wrf/wrf","nesting":"basic","netcdf_classic":false,"patches":["68548f61600d8503bf14a1ab8b90e0e20375fe9466fa1e205b8d835174fcdbef","908c718366ede5e8f8b9ae0738eda36bda7f091dd1ab68013ad7a26a52695c77","f3dd50d3de8dc26d12ab5bceeaa80ec05a722834dde97107d7bb194c9f67045a"],"pnetcdf":true,"cflags":[],"cppflags":[],"cxxflags":[],"fflags":[],"ldflags":[],"ldlibs":[]},"patches":["f3dd50d3de8dc26d12ab5bceeaa80ec05a722834dde97107d7bb194c9f67045a","68548f61600d8503bf14a1ab8b90e0e20375fe9466fa1e205b8d835174fcdbef","908c718366ede5e8f8b9ae0738eda36bda7f091dd1ab68013ad7a26a52695c77"],"package_hash":"k2kuv6f67bo6pi5mql3inf3nj3ke2azh7mptd7nbi4mcwheondxa====","dependencies":[{"name":"compiler-wrapper","hash":"e7yctbqvme4oad2xnt5gynonq5omksj3","parameters":{"deptypes":["build"],"virtuals":[]}},{"name":"gcc","hash":"uwfdr2q5yjm74qe7rxeukihjupvhft6q","parameters":{"deptypes":["build"],"virtuals":["c","fortran"]}},{"name":"gcc-runtime","hash":"pdbi3kjcjul2wjuqkkv5p56xooytyjcg","parameters":{"deptypes":["link"],"virtuals":["fortran-rt","libgfortran"]}},{"name":"glibc","hash":"4bfivdkeg4jj64esmnemhojxf5wlw2km","parameters":{"deptypes":["link"],"virtuals":["libc"]}},{"name":"hdf5","hash":"6tnupbjhtn7dr4gqek65v7fqdpajzvwi","parameters":{"deptypes":["build","link"],"virtuals":[]}},{"name":"jasper","hash":"65v2chzlvie5abtxcxgmrqizeagpamoe","parameters":{"deptypes":["build","link"],"virtuals":[]}},{"name":"libpng","hash":"dsdw2uwmpps54jb5zdy2vc4j47u5kyyc","parameters":{"deptypes":["build","link"],"virtuals":[]}},{"name":"libtirpc","hash":"hmlncjgqc2zajgsozovw2z2a632ndy3m","parameters":{"deptypes":["build","link"],"virtuals":[]}},{"name":"libtool","hash":"wh2rfpp327gv2neax2v5bn62d4sbc52j","parameters":{"deptypes":["build"],"virtuals":[]}},{"name":"m4","hash":"evajarv5sk3p6p4zc7ofgsoxxcml4biw","parameters":{"deptypes":["build"],"virtuals":[]}},{"name":"netcdf-c","hash":"oqd723u4lfqeefvkfcw6sjk3f7z7ctf7","parameters":{"deptypes":["build","link"],"virtuals":[]}},{"name":"netcdf-fortran","hash":"uzhuzojgb3p64mhxtabvcs4sq5ab3te6","parameters":{"deptypes":["build","link"],"virtuals":[]}},{"name":"openmpi","hash":"zbqzxytn7ap7bdrhvity33x3bstsufs3","parameters":{"deptypes":["build","link"],"virtuals":["mpi"]}},{"name":"parallel-netcdf","hash":"qb2pnnizzoeqvyhacaohjmad2nexz45q","parameters":{"deptypes":["build","link"],"virtuals":[]}},{"name":"perl","hash":"oh6kumuxbuzfurvlx7ffwjj7dbjp22ij","parameters":{"deptypes":["build","link"],"virtuals":[]}},{"name":"pkgconf","hash":"nuoltep7ghbowmp64ruf3lo7h6u33sxy","parameters":{"deptypes":["build"],"virtuals":["pkgconfig"]}},{"name":"tcsh","hash":"6gb26yc3443jiancnl2rjwwq2mfzjsim","parameters":{"deptypes":["build"],"virtuals":[]}},{"name":"time","hash":"oens5fsmgivhrv4zov2dqfrof2al4mgv","parameters":{"deptypes":["build"],"virtuals":[]}},{"name":"zlib-ng","hash":"qpxwgch6uo2lg4bduzjddwxkcdrgm2dj","parameters":{"deptypes":["build","link"],"virtuals":["zlib-api"]}}],"annotations":{"original_specfile_version":5},"hash":"gg3g7y4wpjfpgayddxzt6tidhu474kbp"},"e7yctbqvme4oad2xnt5gynonq5omksj3":{"name":"compiler-wrapper","version":"1.0","arch":{"platform":"linux","platform_os":"ubuntu24.04","target":"x86_64_v4"},"namespace":"builtin","parameters":{"build_system":"generic","cflags":[],"cppflags":[],"cxxflags":[],"fflags":[],"ldflags":[],"ldlibs":[]},"package_hash":"brmd47iexcajusyydhjj4hkqcorobvc6swc7g6px6hryjo3jjm4q====","annotations":{"original_specfile_version":5},"hash":"e7yctbqvme4oad2xnt5gynonq5omksj3"},"uwfdr2q5yjm74qe7rxeukihjupvhft6q":{"name":"gcc","version":"13.3.0","arch":{"platform":"linux","platform_os":"ubuntu24.04","target":"x86_64"},"namespace":"builtin","parameters":{"binutils":false,"bootstrap":true,"build_system":"autotools","build_type":"RelWithDebInfo","graphite":false,"languages":["c","c++","fortran"],"mold":false,"nvptx":false,"piclibs":false,"profiled":false,"strip":false,"cflags":[],"cppflags":[],"cxxflags":[],"fflags":[],"ldflags":[],"ldlibs":[]},"external":{"path":"/usr","module":null,"extra_attributes":{"compilers":{"c":"/usr/bin/gcc","cxx":"/usr/bin/g++","fortran":"/usr/bin/gfortran"}}},"package_hash":"4vadbbf6hja5j5q7jphqye7bcfu5b27vik5bqp3biawr2i6oireq====","annotations":{"original_specfile_version":5},"hash":"uwfdr2q5yjm74qe7rxeukihjupvhft6q"},"pdbi3kjcjul2wjuqkkv5p56xooytyjcg":{"name":"gcc-runtime","version":"13.3.0","arch":{"platform":"linux","platform_os":"ubuntu24.04","target":"x86_64_v4"},"namespace":"builtin","parameters":{"build_system":"generic","cflags":[],"cppflags":[],"cxxflags":[],"fflags":[],"ldflags":[],"ldlibs":[]},"package_hash":"q2rk2ibjyixyovjks3huspa2gqfkl7b2q2l4efx54262chl3icjq====","dependencies":[{"name":"gcc","hash":"uwfdr2q5yjm74qe7rxeukihjupvhft6q","parameters":{"deptypes":["build"],"virtuals":[]}},{"name":"glibc","hash":"4bfivdkeg4jj64esmnemhojxf5wlw2km","parameters":{"deptypes":["link"],"virtuals":["libc"]}}],"annotations":{"original_specfile_version":5},"hash":"pdbi3kjcjul2wjuqkkv5p56xooytyjcg"},"4bfivdkeg4jj64esmnemhojxf5wlw2km":{"name":"glibc","version":"2.39","arch":{"platform":"linux","platform_os":"ubuntu24.04","target":"x86_64"},"namespace":"builtin","parameters":{"build_system":"autotools","cflags":[],"cppflags":[],"cxxflags":[],"fflags":[],"ldflags":[],"ldlibs":[]},"external":{"path":"/usr","module":null,"extra_attributes":{}},"package_hash":"uykmboa2sw2jkcgvgh6ywrvd7l2m6puhzhzdljklfme6w6agh6ia====","annotations":{"original_specfile_version":5},"hash":"4bfivdkeg4jj64esmnemhojxf5wlw2km"},"6tnupbjhtn7dr4gqek65v7fqdpajzvwi":{"name":"hdf5","version":"1.14.6","arch":{"platform":"linux","platform_os":"ubuntu24.04","target":"x86_64_v4"},"namespace":"builtin","parameters":{"api":"default","build_system":"cmake","build_type":"Release","cxx":false,"fortran":false,"generator":"make","hl":true,"ipo":false,"java":false,"map":false,"mpi":true,"shared":true,"subfiling":false,"szip":false,"threadsafe":false,"tools":true,"cflags":[],"cppflags":[],"cxxflags":[],"fflags":[],"ldflags":[],"ldlibs":[]},"package_hash":"6tm5aw3ug6sit33kmxj4a3tfvbadfb4cmszuks73lk5icqvddbia====","dependencies":[{"name":"cmake","hash":"mtwflxnk5go54w4de2mr75iarojivk63","parameters":{"deptypes":["build"],"virtuals":[]}},{"name":"compiler-wrapper","hash":"e7yctbqvme4oad2xnt5gynonq5omksj3","parameters":{"deptypes":["build"],"virtuals":[]}},{"name":"gcc","hash":"uwfdr2q5yjm74qe7rxeukihjupvhft6q","parameters":{"deptypes":["build"],"virtuals":["c"]}},{"name":"gcc-runtime","hash":"pdbi3kjcjul2wjuqkkv5p56xooytyjcg","parameters":{"deptypes":["link"],"virtuals":[]}},{"name":"glibc","hash":"4bfivdkeg4jj64esmnemhojxf5wlw2km","parameters":{"deptypes":["link"],"virtuals":["libc"]}},{"name":"gmake","hash":"yyqdpvhua5hgt5b6kquxhovqwyyxhakb","parameters":{"deptypes":["build"],"virtuals":[]}},{"name":"openmpi","hash":"zbqzxytn7ap7bdrhvity33x3bstsufs3","parameters":{"deptypes":["build","link"],"virtuals":["mpi"]}},{"name":"pkgconf","hash":"nuoltep7ghbowmp64ruf3lo7h6u33sxy","parameters":{"deptypes":["run"],"virtuals":["pkgconfig"]}},{"name":"zlib-ng","hash":"qpxwgch6uo2lg4bduzjddwxkcdrgm2dj","parameters":{"deptypes":["build","link"],"virtuals":["zlib-api"]}}],"annotations":{"original_specfile_version":5},"hash":"6tnupbjhtn7dr4gqek65v7fqdpajzvwi"},"mtwflxnk5go54w4de2mr75iarojivk63":{"name":"cmake","version":"3.28.3","arch":{"platform":"linux","platform_os":"ubuntu24.04","target":"x86_64"},"namespace":"builtin","parameters":{"build_system":"generic","build_type":"Release","doc":false,"ncurses":true,"ownlibs":true,"qtgui":false,"cflags":[],"cppflags":[],"cxxflags":[],"fflags":[],"ldflags":[],"ldlibs":[]},"external":{"path":"/usr","module":null,"extra_attributes":{}},"package_hash":"e2wxmid5vl22mqaugrojfapea73j7nmjoqooac4lt5ezzvqhp2oa====","annotations":{"original_specfile_version":5},"hash":"mtwflxnk5go54w4de2mr75iarojivk63"},"yyqdpvhua5hgt5b6kquxhovqwyyxhakb":{"name":"gmake","version":"4.3","arch":{"platform":"linux","platform_os":"ubuntu24.04","target":"x86_64"},"namespace":"builtin","parameters":{"build_system":"generic","guile":false,"cflags":[],"cppflags":[],"cxxflags":[],"fflags":[],"ldflags":[],"ldlibs":[]},"external":{"path":"/usr","module":null,"extra_attributes":{}},"package_hash":"rmosdaktu3dg4p7p2dkli2z35jevi6sa72yalqgepm4na6rva3xq====","annotations":{"original_specfile_version":5},"hash":"yyqdpvhua5hgt5b6kquxhovqwyyxhakb"},"zbqzxytn7ap7bdrhvity33x3bstsufs3":{"name":"openmpi","version":"4.1.6","arch":{"platform":"linux","platform_os":"ubuntu24.04","target":"x86_64"},"namespace":"builtin","parameters":{"atomics":true,"build_system":"autotools","cuda":false,"cxx":true,"cxx_exceptions":false,"debug":false,"fabrics":["none"],"fortran":true,"gpfs":false,"internal-hwloc":false,"internal-libevent":false,"internal-pmix":false,"ipv6":false,"java":false,"lustre":false,"memchecker":false,"openshmem":false,"orterunprefix":false,"rocm":false,"romio":true,"romio-filesystem":["none"],"rsh":true,"schedulers":["none"],"static":false,"two_level_namespace":false,"vt":true,"wrapper-rpath":true,"cflags":[],"cppflags":[],"cxxflags":[],"fflags":[],"ldflags":[],"ldlibs":[]},"external":{"path":"/usr","module":null,"extra_attributes":{}},"package_hash":"7c23z7whoetz2axu7iosdxexf7ptcrzv7ukbncegqwazq76dodsq====","annotations":{"original_specfile_version":5},"hash":"zbqzxytn7ap7bdrhvity33x3bstsufs3"},"nuoltep7ghbowmp64ruf3lo7h6u33sxy":{"name":"pkgconf","version":"1.8.1","arch":{"platform":"linux","platform_os":"ubuntu24.04","target":"x86_64"},"namespace":"builtin","parameters":{"build_system":"autotools","cflags":[],"cppflags":[],"cxxflags":[],"fflags":[],"ldflags":[],"ldlibs":[]},"external":{"path":"/usr","module":null,"extra_attributes":{}},"package_hash":"p57x5mqs35mkwpdk2zwtmxa7dikti2ss4cgy3jn4pnt7teq76w6q====","annotations":{"original_specfile_version":5},"hash":"nuoltep7ghbowmp64ruf3lo7h6u33sxy"},"qpxwgch6uo2lg4bduzjddwxkcdrgm2dj":{"name":"zlib-ng","version":"2.2.4","arch":{"platform":"linux","platform_os":"ubuntu24.04","target":"x86_64_v4"},"namespace":"builtin","parameters":{"build_system":"autotools","compat":true,"new_strategies":true,"opt":true,"pic":true,"shared":true,"cflags":[],"cppflags":[],"cxxflags":[],"fflags":[],"ldflags":[],"ldlibs":[]},"package_hash":"atlinvfh3ttnwgfvl3uftgsyhtyqhhrmvzojzrhlyebq3fbbhptq====","dependencies":[{"name":"compiler-wrapper","hash":"e7yctbqvme4oad2xnt5gynonq5omksj3","parameters":{"deptypes":["build"],"virtuals":[]}},{"name":"gcc","hash":"uwfdr2q5yjm74qe7rxeukihjupvhft6q","parameters":{"deptypes":["build"],"virtuals":["c","cxx"]}},{"name":"gcc-runtime","hash":"pdbi3kjcjul2wjuqkkv5p56xooytyjcg","parameters":{"deptypes":["link"],"virtuals":[]}},{"name":"glibc","hash":"4bfivdkeg4jj64esmnemhojxf5wlw2km","parameters":{"deptypes":["link"],"virtuals":["libc"]}},{"name":"gmake","hash":"yyqdpvhua5hgt5b6kquxhovqwyyxhakb","parameters":{"deptypes":["build"],"virtuals":[]}}],"annotations":{"original_specfile_version":5},"hash":"qpxwgch6uo2lg4bduzjddwxkcdrgm2dj"},"65v2chzlvie5abtxcxgmrqizeagpamoe":{"name":"jasper","version":"4.2.4","arch":{"platform":"linux","platform_os":"ubuntu24.04","target":"x86_64_v4"},"namespace":"builtin","parameters":{"build_system":"cmake","build_type":"Release","generator":"make","ipo":false,"jpeg":true,"opengl":false,"shared":true,"cflags":[],"cppflags":[],"cxxflags":[],"fflags":[],"ldflags":[],"ldlibs":[]},"package_hash":"3vvhjz6bmldbzygq6fnvncurdove5bmylhd7rrq2rcatz7htchea====","dependencies":[{"name":"cmake","hash":"mtwflxnk5go54w4de2mr75iarojivk63","parameters":{"deptypes":["build"],"virtuals":[]}},{"name":"compiler-wrapper","hash":"e7yctbqvme4oad2xnt5gynonq5omksj3","parameters":{"deptypes":["build"],"virtuals":[]}},{"name":"gcc","hash":"uwfdr2q5yjm74qe7rxeukihjupvhft6q","parameters":{"deptypes":["build"],"virtuals":["c","cxx"]}},{"name":"gcc-runtime","hash":"pdbi3kjcjul2wjuqkkv5p56xooytyjcg","parameters":{"deptypes":["link"],"virtuals":[]}},{"name":"glibc","hash":"4bfivdkeg4jj64esmnemhojxf5wlw2km","parameters":{"deptypes":["link"],"virtuals":["libc"]}},{"name":"gmake","hash":"yyqdpvhua5hgt5b6kquxhovqwyyxhakb","parameters":{"deptypes":["build"],"virtuals":[]}},{"name":"libjpeg-turbo","hash":"h3iazjjcu2zuvw6zaernijalky7lzkio","parameters":{"deptypes":["build","link"],"virtuals":["jpeg"]}}],"annotations":{"original_specfile_version":5},"hash":"65v2chzlvie5abtxcxgmrqizeagpamoe"},"h3iazjjcu2zuvw6zaernijalky7lzkio":{"name":"libjpeg-turbo","version":"3.0.4","arch":{"platform":"linux","platform_os":"ubuntu24.04","target":"x86_64_v4"},"namespace":"builtin","parameters":{"build_system":"cmake","build_type":"Release","generator":"make","ipo":false,"jpeg8":false,"libs":["shared","static"],"partial_decoder":false,"pic":true,"cflags":[],"cppflags":[],"cxxflags":[],"fflags":[],"ldflags":[],"ldlibs":[]},"package_hash":"g4zgyjbq5tuo5l2oncrf7gfxpr4drxmlwkj6ynus2j5ymxneu2bq====","dependencies":[{"name":"cmake","hash":"mtwflxnk5go54w4de2mr75iarojivk63","parameters":{"deptypes":["build"],"virtuals":[]}},{"name":"compiler-wrapper","hash":"e7yctbqvme4oad2xnt5gynonq5omksj3","parameters":{"deptypes":["build"],"virtuals":[]}},{"name":"gcc","hash":"uwfdr2q5yjm74qe7rxeukihjupvhft6q","parameters":{"deptypes":["build"],"virtuals":["c","cxx"]}},{"name":"gcc-runtime","hash":"pdbi3kjcjul2wjuqkkv5p56xooytyjcg","parameters":{"deptypes":["link"],"virtuals":[]}},{"name":"glibc","hash":"4bfivdkeg4jj64esmnemhojxf5wlw2km","parameters":{"deptypes":["link"],"virtuals":["libc"]}},{"name":"gmake","hash":"yyqdpvhua5hgt5b6kquxhovqwyyxhakb","parameters":{"deptypes":["build"],"virtuals":[]}},{"name":"nasm","hash":"cp6eexjjxdiixpsqmaxdmvadsr5izlw7","parameters":{"deptypes":["build"],"virtuals":[]}}],"annotations":{"original_specfile_version":5},"hash":"h3iazjjcu2zuvw6zaernijalky7lzkio"},"cp6eexjjxdiixpsqmaxdmvadsr5izlw7":{"name":"nasm","version":"2.16.01","arch":{"platform":"linux","platform_os":"ubuntu24.04","target":"x86_64"},"namespace":"builtin","parameters":{"build_system":"autotools","cflags":[],"cppflags":[],"cxxflags":[],"fflags":[],"ldflags":[],"ldlibs":[]},"external":{"path":"/usr","module":null,"extra_attributes":{}},"package_hash":"yj3su4pvnzgceds2bavvginnhnfaybgwwgeh73scoowd6iyhsqsa====","annotations":{"original_specfile_version":5},"hash":"cp6eexjjxdiixpsqmaxdmvadsr5izlw7"},"dsdw2uwmpps54jb5zdy2vc4j47u5kyyc":{"name":"libpng","version":"1.6.43","arch":{"platform":"linux","platform_os":"ubuntu24.04","target":"x86_64"},"namespace":"builtin","parameters":{"build_system":"cmake","build_type":"Release","generator":"make","libs":["shared","static"],"pic":false,"cflags":[],"cppflags":[],"cxxflags":[],"fflags":[],"ldflags":[],"ldlibs":[]},"external":{"path":"/usr","module":null,"extra_attributes":{}},"package_hash":"6rnl3pleys2yu4t4rtjnumy25ct673k4hvwtgc3m7wgvlgpcaocq====","annotations":{"original_specfile_version":5},"hash":"dsdw2uwmpps54jb5zdy2vc4j47u5kyyc"},"hmlncjgqc2zajgsozovw2z2a632ndy3m":{"name":"libtirpc","version":"1.3.4","arch":{"platform":"linux","platform_os":"ubuntu24.04","target":"x86_64"},"namespace":"builtin","parameters":{"build_system":"autotools","cflags":[],"cppflags":[],"cxxflags":[],"fflags":[],"ldflags":[],"ldlibs":[]},"external":{"path":"/usr","module":null,"extra_attributes":{}},"package_hash":"b66slvqmaas7fxzt2idmfmk2nuif2bj3t3yldjo5lso2i43mejna====","annotations":{"original_specfile_version":5},"hash":"hmlncjgqc2zajgsozovw2z2a632ndy3m"},"wh2rfpp327gv2neax2v5bn62d4sbc52j":{"name":"libtool","version":"2.4.7","arch":{"platform":"linux","platform_os":"ubuntu24.04","target":"x86_64"},"namespace":"builtin","parameters":{"build_system":"autotools","cflags":[],"cppflags":[],"cxxflags":[],"fflags":[],"ldflags":[],"ldlibs":[]},"external":{"path":"/usr","module":null,"extra_attributes":{}},"package_hash":"gv4m3tyevigjsd4mtj5pgcmixuhsyksi44hv4btdrrbizj5efqaq====","annotations":{"original_specfile_version":5},"hash":"wh2rfpp327gv2neax2v5bn62d4sbc52j"},"evajarv5sk3p6p4zc7ofgsoxxcml4biw":{"name":"m4","version":"1.4.19","arch":{"platform":"linux","platform_os":"ubuntu24.04","target":"x86_64"},"namespace":"builtin","parameters":{"build_system":"autotools","sigsegv":true,"cflags":[],"cppflags":[],"cxxflags":[],"fflags":[],"ldflags":[],"ldlibs":[]},"external":{"path":"/usr","module":null,"extra_attributes":{}},"package_hash":"bsapcnmjgsg7x3jjsqxwq3mtzy6th232xcbgdjx3qoxohzfouefa====","annotations":{"original_specfile_version":5},"hash":"evajarv5sk3p6p4zc7ofgsoxxcml4biw"},"oqd723u4lfqeefvkfcw6sjk3f7z7ctf7":{"name":"netcdf-c","version":"4.9.3","arch":{"platform":"linux","platform_os":"ubuntu24.04","target":"x86_64_v4"},"namespace":"builtin","parameters":{"blosc":true,"build_system":"autotools","byterange":false,"dap":false,"fsync":false,"hdf4":false,"jna":false,"logging":false,"mpi":true,"nczarr_zip":false,"optimize":true,"parallel-netcdf":false,"pic":true,"shared":true,"szip":true,"zstd":true,"cflags":[],"cppflags":[],"cxxflags":[],"fflags":[],"ldflags":[],"ldlibs":[]},"package_hash":"h3xzu4ol7xnpqa6mjlj56pp2mcmmtcln3zneia4gyvacutkcj4bq====","dependencies":[{"name":"bzip2","hash":"lgogcdstd5xjsskcysorfnqjcnbsown6","parameters":{"deptypes":["build","link"],"virtuals":[]}},{"name":"c-blosc","hash":"werz4k7mmevp745vtoh2or67powntfmd","parameters":{"deptypes":["build","link"],"virtuals":[]}},{"name":"compiler-wrapper","hash":"e7yctbqvme4oad2xnt5gynonq5omksj3","parameters":{"deptypes":["build"],"virtuals":[]}},{"name":"gcc","hash":"uwfdr2q5yjm74qe7rxeukihjupvhft6q","parameters":{"deptypes":["build"],"virtuals":["c"]}},{"name":"gcc-runtime","hash":"pdbi3kjcjul2wjuqkkv5p56xooytyjcg","parameters":{"deptypes":["link"],"virtuals":[]}},{"name":"glibc","hash":"4bfivdkeg4jj64esmnemhojxf5wlw2km","parameters":{"deptypes":["link"],"virtuals":["libc"]}},{"name":"gmake","hash":"yyqdpvhua5hgt5b6kquxhovqwyyxhakb","parameters":{"deptypes":["build"],"virtuals":[]}},{"name":"hdf5","hash":"6tnupbjhtn7dr4gqek65v7fqdpajzvwi","parameters":{"deptypes":["build","link"],"virtuals":[]}},{"name":"libaec","hash":"n45dmsaln3enwcshtjrclh37bs6xgqd4","parameters":{"deptypes":["build","link"],"virtuals":["szip"]}},{"name":"openmpi","hash":"zbqzxytn7ap7bdrhvity33x3bstsufs3","parameters":{"deptypes":["build","link"],"virtuals":["mpi"]}},{"name":"zlib-ng","hash":"qpxwgch6uo2lg4bduzjddwxkcdrgm2dj","parameters":{"deptypes":["build","link"],"virtuals":["zlib-api"]}},{"name":"zstd","hash":"m562yg3ow475rek5jaz47sfhrr7mbfkp","parameters":{"deptypes":["build","link"],"virtuals":[]}}],"annotations":{"original_specfile_version":5},"hash":"oqd723u4lfqeefvkfcw6sjk3f7z7ctf7"},"lgogcdstd5xjsskcysorfnqjcnbsown6":{"name":"bzip2","version":"1.0.8","arch":{"platform":"linux","platform_os":"ubuntu24.04","target":"x86_64"},"namespace":"builtin","parameters":{"build_system":"generic","debug":false,"pic":false,"shared":true,"cflags":[],"cppflags":[],"cxxflags":[],"fflags":[],"ldflags":[],"ldlibs":[]},"external":{"path":"/usr","module":null,"extra_attributes":{}},"package_hash":"23pafj3kmpyregjxpmso3hf2q5op467msdhghyksoj2sv75ixqga====","annotations":{"original_specfile_version":5},"hash":"lgogcdstd5xjsskcysorfnqjcnbsown6"},"werz4k7mmevp745vtoh2or67powntfmd":{"name":"c-blosc","version":"1.21.6","arch":{"platform":"linux","platform_os":"ubuntu24.04","target":"x86_64_v4"},"namespace":"builtin","parameters":{"avx2":true,"build_system":"cmake","build_type":"Release","generator":"make","ipo":false,"cflags":[],"cppflags":[],"cxxflags":[],"fflags":[],"ldflags":[],"ldlibs":[]},"package_hash":"3u6wkkei43nr64wgogfldyste2tnw2pgx6gibzttuxlmiwzig5mq====","dependencies":[{"name":"cmake","hash":"mtwflxnk5go54w4de2mr75iarojivk63","parameters":{"deptypes":["build"],"virtuals":[]}},{"name":"compiler-wrapper","hash":"e7yctbqvme4oad2xnt5gynonq5omksj3","parameters":{"deptypes":["build"],"virtuals":[]}},{"name":"gcc","hash":"uwfdr2q5yjm74qe7rxeukihjupvhft6q","parameters":{"deptypes":["build"],"virtuals":["c","cxx"]}},{"name":"gcc-runtime","hash":"pdbi3kjcjul2wjuqkkv5p56xooytyjcg","parameters":{"deptypes":["link"],"virtuals":[]}},{"name":"glibc","hash":"4bfivdkeg4jj64esmnemhojxf5wlw2km","parameters":{"deptypes":["link"],"virtuals":["libc"]}},{"name":"gmake","hash":"yyqdpvhua5hgt5b6kquxhovqwyyxhakb","parameters":{"deptypes":["build"],"virtuals":[]}},{"name":"lz4","hash":"6cpcpcvyd5pkr25hpztcvztw6orpakny","parameters":{"deptypes":["build","link"],"virtuals":[]}},{"name":"snappy","hash":"tqhgfbpaikrk33654jr74lks4bqglokr","parameters":{"deptypes":["build","link"],"virtuals":[]}},{"name":"zlib-ng","hash":"qpxwgch6uo2lg4bduzjddwxkcdrgm2dj","parameters":{"deptypes":["build","link"],"virtuals":["zlib-api"]}},{"name":"zstd","hash":"m562yg3ow475rek5jaz47sfhrr7mbfkp","parameters":{"deptypes":["build","link"],"virtuals":[]}}],"annotations":{"original_specfile_version":5},"hash":"werz4k7mmevp745vtoh2or67powntfmd"},"6cpcpcvyd5pkr25hpztcvztw6orpakny":{"name":"lz4","version":"1.9.4","arch":{"platform":"linux","platform_os":"ubuntu24.04","target":"x86_64"},"namespace":"builtin","parameters":{"build_system":"makefile","libs":["shared","static"],"pic":true,"cflags":[],"cppflags":[],"cxxflags":[],"fflags":[],"ldflags":[],"ldlibs":[]},"external":{"path":"/usr","module":null,"extra_attributes":{}},"package_hash":"p6onq37tv6ihui5vwas45shdltxakuut4zhdry65nn4i74i6lnza====","annotations":{"original_specfile_version":5},"hash":"6cpcpcvyd5pkr25hpztcvztw6orpakny"},"tqhgfbpaikrk33654jr74lks4bqglokr":{"name":"snappy","version":"1.1.10","arch":{"platform":"linux","platform_os":"ubuntu24.04","target":"x86_64"},"namespace":"builtin","parameters":{"build_system":"cmake","build_type":"Release","generator":"make","pic":true,"shared":true,"cflags":[],"cppflags":[],"cxxflags":[],"fflags":[],"ldflags":[],"ldlibs":[]},"external":{"path":"/usr","module":null,"extra_attributes":{}},"package_hash":"xjtofksvknldrmnfixht7fqlbhvx2h6aayc4juvzn4tfnxrelkhq====","annotations":{"original_specfile_version":5},"hash":"tqhgfbpaikrk33654jr74lks4bqglokr"},"m562yg3ow475rek5jaz47sfhrr7mbfkp":{"name":"zstd","version":"1.5.5","arch":{"platform":"linux","platform_os":"ubuntu24.04","target":"x86_64"},"namespace":"builtin","parameters":{"build_system":"makefile","libs":["shared","static"],"programs":false,"cflags":[],"cppflags":[],"cxxflags":[],"fflags":[],"ldflags":[],"ldlibs":[]},"external":{"path":"/usr","module":null,"extra_attributes":{}},"package_hash":"s4uhbfsvqktjshnl2cjsl47ayahyb2s7l6mg7zuguly46zbxchla====","annotations":{"original_specfile_version":5},"hash":"m562yg3ow475rek5jaz47sfhrr7mbfkp"},"n45dmsaln3enwcshtjrclh37bs6xgqd4":{"name":"libaec","version":"1.1.2","arch":{"platform":"linux","platform_os":"ubuntu24.04","target":"x86_64"},"namespace":"builtin","parameters":{"build_system":"cmake","build_type":"Release","generator":"make","shared":true,"cflags":[],"cppflags":[],"cxxflags":[],"fflags":[],"ldflags":[],"ldlibs":[]},"external":{"path":"/usr","module":null,"extra_attributes":{}},"package_hash":"winuj7gy4obxpfujyqjppwzoyftzdplbtqmzjpycdpzb45ttjxua====","annotations":{"original_specfile_version":5},"hash":"n45dmsaln3enwcshtjrclh37bs6xgqd4"},"uzhuzojgb3p64mhxtabvcs4sq5ab3te6":{"name":"netcdf-fortran","version":"4.6.2","arch":{"platform":"linux","platform_os":"ubuntu24.04","target":"x86_64_v4"},"namespace":"builtin","parameters":{"build_system":"autotools","doc":false,"pic":true,"shared":true,"cflags":[],"cppflags":[],"cxxflags":[],"fflags":[],"ldflags":[],"ldlibs":[]},"package_hash":"qqvvxv3ad5txkkja2fvyvw2ucyr32nqej6mmlgrvymwjzbghg76q====","dependencies":[{"name":"compiler-wrapper","hash":"e7yctbqvme4oad2xnt5gynonq5omksj3","parameters":{"deptypes":["build"],"virtuals":[]}},{"name":"gcc","hash":"uwfdr2q5yjm74qe7rxeukihjupvhft6q","parameters":{"deptypes":["build"],"virtuals":["c","fortran"]}},{"name":"gcc-runtime","hash":"pdbi3kjcjul2wjuqkkv5p56xooytyjcg","parameters":{"deptypes":["link"],"virtuals":["fortran-rt","libgfortran"]}},{"name":"glibc","hash":"4bfivdkeg4jj64esmnemhojxf5wlw2km","parameters":{"deptypes":["link"],"virtuals":["libc"]}},{"name":"gmake","hash":"yyqdpvhua5hgt5b6kquxhovqwyyxhakb","parameters":{"deptypes":["build"],"virtuals":[]}},{"name":"netcdf-c","hash":"oqd723u4lfqeefvkfcw6sjk3f7z7ctf7","parameters":{"deptypes":["build","link"],"virtuals":[]}}],"annotations":{"original_specfile_version":5},"hash":"uzhuzojgb3p64mhxtabvcs4sq5ab3te6"},"qb2pnnizzoeqvyhacaohjmad2nexz45q":{"name":"parallel-netcdf","version":"1.14.1","arch":{"platform":"linux","platform_os":"ubuntu24.04","target":"x86_64_v4"},"namespace":"builtin","parameters":{"build_system":"autotools","burstbuffer":false,"cxx":true,"examples":false,"fortran":true,"pic":true,"shared":true,"cflags":[],"cppflags":[],"cxxflags":[],"fflags":[],"ldflags":[],"ldlibs":[]},"package_hash":"oq755m6dw4zaopki756flphddykiqxzza2yu2pxjptswnf4nc2ma====","dependencies":[{"name":"compiler-wrapper","hash":"e7yctbqvme4oad2xnt5gynonq5omksj3","parameters":{"deptypes":["build"],"virtuals":[]}},{"name":"gcc","hash":"uwfdr2q5yjm74qe7rxeukihjupvhft6q","parameters":{"deptypes":["build"],"virtuals":["c","cxx","fortran"]}},{"name":"gcc-runtime","hash":"pdbi3kjcjul2wjuqkkv5p56xooytyjcg","parameters":{"deptypes":["link"],"virtuals":["fortran-rt","libgfortran"]}},{"name":"glibc","hash":"4bfivdkeg4jj64esmnemhojxf5wlw2km","parameters":{"deptypes":["link"],"virtuals":["libc"]}},{"name":"gmake","hash":"yyqdpvhua5hgt5b6kquxhovqwyyxhakb","parameters":{"deptypes":["build"],"virtuals":[]}},{"name":"m4","hash":"evajarv5sk3p6p4zc7ofgsoxxcml4biw","parameters":{"deptypes":["build"],"virtuals":[]}},{"name":"openmpi","hash":"zbqzxytn7ap7bdrhvity33x3bstsufs3","parameters":{"deptypes":["build","link"],"virtuals":["mpi"]}},{"name":"perl","hash":"oh6kumuxbuzfurvlx7ffwjj7dbjp22ij","parameters":{"deptypes":["build"],"virtuals":[]}}],"annotations":{"original_specfile_version":5},"hash":"qb2pnnizzoeqvyhacaohjmad2nexz45q"},"oh6kumuxbuzfurvlx7ffwjj7dbjp22ij":{"name":"perl","version":"5.38.2","arch":{"platform":"linux","platform_os":"ubuntu24.04","target":"x86_64"},"namespace":"builtin","parameters":{"build_system":"generic","cpanm":false,"opcode":true,"open":true,"shared":true,"threads":true,"cflags":[],"cppflags":[],"cxxflags":[],"fflags":[],"ldflags":[],"ldlibs":[]},"external":{"path":"/usr","module":null,"extra_attributes":{}},"package_hash":"ibl7jas7j5zgyykzwv4ejwelmk3wicajhpgr72sgtsgxbf2hby7a====","annotations":{"original_specfile_version":5},"hash":"oh6kumuxbuzfurvlx7ffwjj7dbjp22ij"},"6gb26yc3443jiancnl2rjwwq2mfzjsim":{"name":"tcsh","version":"6.24.10","arch":{"platform":"linux","platform_os":"ubuntu24.04","target":"x86_64"},"namespace":"builtin","parameters":{"build_system":"autotools","cflags":[],"cppflags":[],"cxxflags":[],"fflags":[],"ldflags":[],"ldlibs":[]},"external":{"path":"/usr","module":null,"extra_attributes":{}},"package_hash":"a7p3eae2fcqnqa5wepgba7uhcqyzpnauqe3n476e2pzu2xpjslfq====","annotations":{"original_specfile_version":5},"hash":"6gb26yc3443jiancnl2rjwwq2mfzjsim"},"oens5fsmgivhrv4zov2dqfrof2al4mgv":{"name":"time","version":"1.9","arch":{"platform":"linux","platform_os":"ubuntu24.04","target":"x86_64"},"namespace":"builtin","parameters":{"build_system":"autotools","cflags":[],"cppflags":[],"cxxflags":[],"fflags":[],"ldflags":[],"ldlibs":[]},"external":{"path":"/usr","module":null,"extra_attributes":{}},"package_hash":"w7b7dophzamgr55qz5vkfumpjzwr7wbng7wno4v7tj5bcg4uerpq====","annotations":{"original_specfile_version":5},"hash":"oens5fsmgivhrv4zov2dqfrof2al4mgv"},"x4wwkzbcjcihabxqil7lngy63vewdeij":{"name":"python","version":"3.12.3","arch":{"platform":"linux","platform_os":"ubuntu24.04","target":"x86_64"},"namespace":"builtin","parameters":{"build_system":"generic","bz2":true,"crypt":true,"ctypes":true,"dbm":true,"debug":false,"libxml2":true,"lzma":true,"optimizations":false,"pic":true,"pyexpat":true,"pythoncmd":false,"readline":true,"shared":true,"sqlite3":true,"ssl":true,"tkinter":false,"uuid":true,"zlib":true,"cflags":[],"cppflags":[],"cxxflags":[],"fflags":[],"ldflags":[],"ldlibs":[]},"external":{"path":"/usr","module":null,"extra_attributes":{}},"package_hash":"3ezslhv4zfsef3dkdir77vehvtvcsgcosxtu4lwaadwzymm5l2qa====","annotations":{"original_specfile_version":5},"hash":"x4wwkzbcjcihabxqil7lngy63vewdeij"}}}